
Microsoft Visual Studio Solution File, Format Version 12.00
# Visual Studio 2013
VisualStudioVersion = 12.0.21005.1
MinimumVisualStudioVersion = 10.0.40219.1
Project("{FAE04EC0-301F-11D3-BF4B-00C04F79EFBC}") = "ScreenshotExample", "SeleniumConcepts\ScreenshotExample.csproj", "{FA9A6685-0442-45CC-B673-7D059618127B}"
EndProject
Project("{FAE04EC0-301F-11D3-BF4B-00C04F79EFBC}") = "WebDriverCommands", "WebDriverCommands\WebDriverCommands.csproj", "{29997FEF-F8E5-4F2A-A829-3FB625A115C4}"
EndProject
Project("{FAE04EC0-301F-11D3-BF4B-00C04F79EFBC}") = "Locators", "Locators\Locators.csproj", "{EB597D5C-A8FE-40B4-B3B2-52A696728B30}"
EndProject
Project("{FAE04EC0-301F-11D3-BF4B-00C04F79EFBC}") = "AlertsExample", "AlertsExample\AlertsExample.csproj", "{F2B64318-86B7-4EA6-862B-7557551762EC}"
EndProject
Project("{FAE04EC0-301F-11D3-BF4B-00C04F79EFBC}") = "HandlingWindows", "HandlingWindows\HandlingWindows.csproj", "{73763DCB-CD73-4756-9B4F-F47C4379DDE7}"
EndProject
Project("{FAE04EC0-301F-11D3-BF4B-00C04F79EFBC}") = "FramesExample", "FramesExample\FramesExample.csproj", "{4F07AA5B-1747-4049-9914-6B19E6DB674A}"
EndProject
Project("{FAE04EC0-301F-11D3-BF4B-00C04F79EFBC}") = "ActionsExample", "ActionsExample\ActionsExample.csproj", "{723D3D62-A047-4F37-901E-3DB46FE85ADC}"
EndProject
Project("{FAE04EC0-301F-11D3-BF4B-00C04F79EFBC}") = "NunitExample", "NunitExample\NunitExample.csproj", "{9117F8F9-99BD-46F7-BBFD-02A9F2B4D069}"
EndProject
Project("{FAE04EC0-301F-11D3-BF4B-00C04F79EFBC}") = "ScrollExample", "ScrollExample\ScrollExample.csproj", "{6602496B-3FCE-4410-9449-5033D72B1263}"
EndProject
Project("{FAE04EC0-301F-11D3-BF4B-00C04F79EFBC}") = "FirefoxPreferences", "FirefoxPreferences\FirefoxPreferences.csproj", "{F8DD5227-FE2B-4F32-8486-4D566EFFFA69}"
EndProject
Project("{FAE04EC0-301F-11D3-BF4B-00C04F79EFBC}") = "XpathExample", "XpathExample\XpathExample.csproj", "{C7E113B2-121C-4775-AA50-99845EF796E0}"
EndProject
Project("{FAE04EC0-301F-11D3-BF4B-00C04F79EFBC}") = "Synchronization", "Synchronization\Synchronization.csproj", "{72E1AA2D-66CF-4260-958D-E6494EC0C7CA}"
EndProject
Global
	GlobalSection(SolutionConfigurationPlatforms) = preSolution
		Debug|Any CPU = Debug|Any CPU
		Release|Any CPU = Release|Any CPU
	EndGlobalSection
	GlobalSection(ProjectConfigurationPlatforms) = postSolution
		{FA9A6685-0442-45CC-B673-7D059618127B}.Debug|Any CPU.ActiveCfg = Debug|Any CPU
		{FA9A6685-0442-45CC-B673-7D059618127B}.Debug|Any CPU.Build.0 = Debug|Any CPU
		{FA9A6685-0442-45CC-B673-7D059618127B}.Release|Any CPU.ActiveCfg = Release|Any CPU
		{FA9A6685-0442-45CC-B673-7D059618127B}.Release|Any CPU.Build.0 = Release|Any CPU
		{29997FEF-F8E5-4F2A-A829-3FB625A115C4}.Debug|Any CPU.ActiveCfg = Debug|Any CPU
		{29997FEF-F8E5-4F2A-A829-3FB625A115C4}.Debug|Any CPU.Build.0 = Debug|Any CPU
		{29997FEF-F8E5-4F2A-A829-3FB625A115C4}.Release|Any CPU.ActiveCfg = Release|Any CPU
		{29997FEF-F8E5-4F2A-A829-3FB625A115C4}.Release|Any CPU.Build.0 = Release|Any CPU
		{EB597D5C-A8FE-40B4-B3B2-52A696728B30}.Debug|Any CPU.ActiveCfg = Debug|Any CPU
		{EB597D5C-A8FE-40B4-B3B2-52A696728B30}.Debug|Any CPU.Build.0 = Debug|Any CPU
		{EB597D5C-A8FE-40B4-B3B2-52A696728B30}.Release|Any CPU.ActiveCfg = Release|Any CPU
		{EB597D5C-A8FE-40B4-B3B2-52A696728B30}.Release|Any CPU.Build.0 = Release|Any CPU
		{F2B64318-86B7-4EA6-862B-7557551762EC}.Debug|Any CPU.ActiveCfg = Debug|Any CPU
		{F2B64318-86B7-4EA6-862B-7557551762EC}.Debug|Any CPU.Build.0 = Debug|Any CPU
		{F2B64318-86B7-4EA6-862B-7557551762EC}.Release|Any CPU.ActiveCfg = Release|Any CPU
		{F2B64318-86B7-4EA6-862B-7557551762EC}.Release|Any CPU.Build.0 = Release|Any CPU
		{73763DCB-CD73-4756-9B4F-F47C4379DDE7}.Debug|Any CPU.ActiveCfg = Debug|Any CPU
		{73763DCB-CD73-4756-9B4F-F47C4379DDE7}.Debug|Any CPU.Build.0 = Debug|Any CPU
		{73763DCB-CD73-4756-9B4F-F47C4379DDE7}.Release|Any CPU.ActiveCfg = Release|Any CPU
		{73763DCB-CD73-4756-9B4F-F47C4379DDE7}.Release|Any CPU.Build.0 = Release|Any CPU
		{4F07AA5B-1747-4049-9914-6B19E6DB674A}.Debug|Any CPU.ActiveCfg = Debug|Any CPU
		{4F07AA5B-1747-4049-9914-6B19E6DB674A}.Debug|Any CPU.Build.0 = Debug|Any CPU
		{4F07AA5B-1747-4049-9914-6B19E6DB674A}.Release|Any CPU.ActiveCfg = Release|Any CPU
		{4F07AA5B-1747-4049-9914-6B19E6DB674A}.Release|Any CPU.Build.0 = Release|Any CPU
		{723D3D62-A047-4F37-901E-3DB46FE85ADC}.Debug|Any CPU.ActiveCfg = Debug|Any CPU
		{723D3D62-A047-4F37-901E-3DB46FE85ADC}.Debug|Any CPU.Build.0 = Debug|Any CPU
		{723D3D62-A047-4F37-901E-3DB46FE85ADC}.Release|Any CPU.ActiveCfg = Release|Any CPU
		{723D3D62-A047-4F37-901E-3DB46FE85ADC}.Release|Any CPU.Build.0 = Release|Any CPU
		{9117F8F9-99BD-46F7-BBFD-02A9F2B4D069}.Debug|Any CPU.ActiveCfg = Debug|Any CPU
		{9117F8F9-99BD-46F7-BBFD-02A9F2B4D069}.Debug|Any CPU.Build.0 = Debug|Any CPU
		{9117F8F9-99BD-46F7-BBFD-02A9F2B4D069}.Release|Any CPU.ActiveCfg = Release|Any CPU
		{9117F8F9-99BD-46F7-BBFD-02A9F2B4D069}.Release|Any CPU.Build.0 = Release|Any CPU
		{6602496B-3FCE-4410-9449-5033D72B1263}.Debug|Any CPU.ActiveCfg = Debug|Any CPU
		{6602496B-3FCE-4410-9449-5033D72B1263}.Debug|Any CPU.Build.0 = Debug|Any CPU
		{6602496B-3FCE-4410-9449-5033D72B1263}.Release|Any CPU.ActiveCfg = Release|Any CPU
		{6602496B-3FCE-4410-9449-5033D72B1263}.Release|Any CPU.Build.0 = Release|Any CPU
		{F8DD5227-FE2B-4F32-8486-4D566EFFFA69}.Debug|Any CPU.ActiveCfg = Debug|Any CPU
		{F8DD5227-FE2B-4F32-8486-4D566EFFFA69}.Debug|Any CPU.Build.0 = Debug|Any CPU
		{F8DD5227-FE2B-4F32-8486-4D566EFFFA69}.Release|Any CPU.ActiveCfg = Release|Any CPU
		{F8DD5227-FE2B-4F32-8486-4D566EFFFA69}.Release|Any CPU.Build.0 = Release|Any CPU
		{C7E113B2-121C-4775-AA50-99845EF796E0}.Debug|Any CPU.ActiveCfg = Debug|Any CPU
		{C7E113B2-121C-4775-AA50-99845EF796E0}.Debug|Any CPU.Build.0 = Debug|Any CPU
		{C7E113B2-121C-4775-AA50-99845EF796E0}.Release|Any CPU.ActiveCfg = Release|Any CPU
		{C7E113B2-121C-4775-AA50-99845EF796E0}.Release|Any CPU.Build.0 = Release|Any CPU
		{72E1AA2D-66CF-4260-958D-E6494EC0C7CA}.Debug|Any CPU.ActiveCfg = Debug|Any CPU
		{72E1AA2D-66CF-4260-958D-E6494EC0C7CA}.Debug|Any CPU.Build.0 = Debug|Any CPU
		{72E1AA2D-66CF-4260-958D-E6494EC0C7CA}.Release|Any CPU.ActiveCfg = Release|Any CPU
		{72E1AA2D-66CF-4260-958D-E6494EC0C7CA}.Release|Any CPU.Build.0 = Release|Any CPU
	EndGlobalSection
	GlobalSection(SolutionProperties) = preSolution
		HideSolutionNode = FALSE
	EndGlobalSection
EndGlobal
