
Microsoft Visual Studio Solution File, Format Version 12.00
# Visual Studio 2013
VisualStudioVersion = 12.0.21005.1
MinimumVisualStudioVersion = 10.0.40219.1
Project("{FAE04EC0-301F-11D3-BF4B-00C04F79EFBC}") = "AppiumExample", "AppiumExample\AppiumExample.csproj", "{74850112-19CC-4278-849C-43EBF634A1AD}"
EndProject
Project("{FAE04EC0-301F-11D3-BF4B-00C04F79EFBC}") = "AppiumNew", "AppiumNew\AppiumNew.csproj", "{82D54D57-EE94-4BF8-B084-EA585BBCF008}"
EndProject
Global
	GlobalSection(SolutionConfigurationPlatforms) = preSolution
		Debug|Any CPU = Debug|Any CPU
		Release|Any CPU = Release|Any CPU
	EndGlobalSection
	GlobalSection(ProjectConfigurationPlatforms) = postSolution
		{74850112-19CC-4278-849C-43EBF634A1AD}.Debug|Any CPU.ActiveCfg = Debug|Any CPU
		{74850112-19CC-4278-849C-43EBF634A1AD}.Debug|Any CPU.Build.0 = Debug|Any CPU
		{74850112-19CC-4278-849C-43EBF634A1AD}.Release|Any CPU.ActiveCfg = Release|Any CPU
		{74850112-19CC-4278-849C-43EBF634A1AD}.Release|Any CPU.Build.0 = Release|Any CPU
		{82D54D57-EE94-4BF8-B084-EA585BBCF008}.Debug|Any CPU.ActiveCfg = Debug|Any CPU
		{82D54D57-EE94-4BF8-B084-EA585BBCF008}.Debug|Any CPU.Build.0 = Debug|Any CPU
		{82D54D57-EE94-4BF8-B084-EA585BBCF008}.Release|Any CPU.ActiveCfg = Release|Any CPU
		{82D54D57-EE94-4BF8-B084-EA585BBCF008}.Release|Any CPU.Build.0 = Release|Any CPU
	EndGlobalSection
	GlobalSection(SolutionProperties) = preSolution
		HideSolutionNode = FALSE
	EndGlobalSection
EndGlobal
