
Microsoft Visual Studio Solution File, Format Version 12.00
# Visual Studio 2013
VisualStudioVersion = 12.0.21005.1
MinimumVisualStudioVersion = 10.0.40219.1
Project("{FAE04EC0-301F-11D3-BF4B-00C04F79EFBC}") = "SampeProgram", "SampeProgram\SampeProgram.csproj", "{B6EA05FA-3990-4644-8F08-3698215DD06A}"
EndProject
Project("{FAE04EC0-301F-11D3-BF4B-00C04F79EFBC}") = "SimpleTest", "SimpleTest\SimpleTest.csproj", "{716FE797-C94C-40B1-894D-D94495F2EEEC}"
EndProject
Project("{FAE04EC0-301F-11D3-BF4B-00C04F79EFBC}") = "DelegateExample", "DelegateExample\DelegateExample.csproj", "{BA52EB27-59F3-4530-A9F9-0A2990C1C122}"
EndProject
Project("{FAE04EC0-301F-11D3-BF4B-00C04F79EFBC}") = "Employee", "Employee\Employee.csproj", "{826134A9-05E1-4194-90D5-AAC91E432D48}"
EndProject
Project("{FAE04EC0-301F-11D3-BF4B-00C04F79EFBC}") = "XMLParsing", "XMLParsing\XMLParsing.csproj", "{27F7EC13-352E-43A1-AFA1-B7784D6E463B}"
EndProject
Project("{FAE04EC0-301F-11D3-BF4B-00C04F79EFBC}") = "XMLPractice", "XMLPractice\XMLPractice.csproj", "{B5966330-EECA-4E6E-A54C-F2330A1BE33D}"
EndProject
Project("{FAE04EC0-301F-11D3-BF4B-00C04F79EFBC}") = "Regex", "Regex\Regex.csproj", "{77CE4005-6F73-4DBB-BF8E-8DBE9263F45B}"
EndProject
Project("{FAE04EC0-301F-11D3-BF4B-00C04F79EFBC}") = "Factorial", "MaximumDigit\Factorial.csproj", "{A9713E52-95A7-4675-95DB-D4A286AB3E32}"
EndProject
Project("{FAE04EC0-301F-11D3-BF4B-00C04F79EFBC}") = "DataDriven", "DataDriven\DataDriven.csproj", "{F2BBBB69-0FE7-402A-8264-6C2B8863F6BE}"
EndProject
Project("{FAE04EC0-301F-11D3-BF4B-00C04F79EFBC}") = "DataAccess", "DataAccess\DataAccess.csproj", "{5B36AC5E-6E96-4B23-85D0-519C00A43BEE}"
EndProject
Project("{FAE04EC0-301F-11D3-BF4B-00C04F79EFBC}") = "RunnerMain", "RunnerMain\RunnerMain.csproj", "{9B7C9734-D514-479E-917C-E1FDBBAC5923}"
EndProject
Project("{FAE04EC0-301F-11D3-BF4B-00C04F79EFBC}") = "NewProject", "NewProject\NewProject.csproj", "{B108AA69-C5C2-4C19-A015-8B88C32DF8CE}"
EndProject
Project("{FAE04EC0-301F-11D3-BF4B-00C04F79EFBC}") = "DependencyInjection", "DependencyInjection\DependencyInjection.csproj", "{E38DC9C1-89F5-4EE1-9C8E-5EC353E8B24E}"
EndProject
Project("{FAE04EC0-301F-11D3-BF4B-00C04F79EFBC}") = "Reflection", "Reflection\Reflection.csproj", "{C217E72A-08C8-4D59-B99D-36C47D09EEF4}"
EndProject
Project("{FAE04EC0-301F-11D3-BF4B-00C04F79EFBC}") = "BVT", "BVT\BVT.csproj", "{7385C64B-56EE-490B-B45D-8EB31C71DCAE}"
EndProject
Project("{FAE04EC0-301F-11D3-BF4B-00C04F79EFBC}") = "BVTTestRunner", "BVTTestRunner\BVTTestRunner.csproj", "{4AA3E7F3-C108-4554-A2D7-0B5FC4945F04}"
EndProject
Project("{FAE04EC0-301F-11D3-BF4B-00C04F79EFBC}") = "DISample", "DISample\DISample.csproj", "{FAE2C760-7837-45EB-B6A9-2E9DCBC4F62B}"
EndProject
Project("{FAE04EC0-301F-11D3-BF4B-00C04F79EFBC}") = "AutoItExample", "AutoItExample\AutoItExample.csproj", "{E4C9E185-AC1D-4A1B-BF58-915E7C4548E1}"
EndProject
Project("{FAE04EC0-301F-11D3-BF4B-00C04F79EFBC}") = "DictionarExample", "DictionarExample\DictionarExample.csproj", "{33E557FB-FD52-41BE-B2EB-75AD0EE1EF01}"
EndProject
Project("{FAE04EC0-301F-11D3-BF4B-00C04F79EFBC}") = "LogConsole", "LogConsole\LogConsole.csproj", "{BC4A639D-E9F7-442E-BBA8-87A63EF92972}"
EndProject
Project("{FAE04EC0-301F-11D3-BF4B-00C04F79EFBC}") = "GuiMapExample", "GuiMapExample\GuiMapExample.csproj", "{B10B4EAC-A11D-4488-B106-F7520BC52D59}"
EndProject
Project("{FAE04EC0-301F-11D3-BF4B-00C04F79EFBC}") = "ConstructorExample", "ConstructorExample\ConstructorExample.csproj", "{527F6AC8-B3A8-42E6-9F8F-673CC5B7D25A}"
EndProject
Project("{FAE04EC0-301F-11D3-BF4B-00C04F79EFBC}") = "OperatorOverloading", "OperatorOverloading\OperatorOverloading.csproj", "{685CC9B2-F07C-402E-8606-25841D8B3111}"
EndProject
Project("{FAE04EC0-301F-11D3-BF4B-00C04F79EFBC}") = "Singleton", "Singleton\Singleton.csproj", "{59C05FD7-2298-427F-B900-76EA369A297A}"
EndProject
Project("{FAE04EC0-301F-11D3-BF4B-00C04F79EFBC}") = "PDFExtract", "PDFExtract\PDFExtract.csproj", "{7745E5AE-933E-475E-9E90-096863E259BF}"
EndProject
Project("{FAE04EC0-301F-11D3-BF4B-00C04F79EFBC}") = "SamplePDF", "SamplePDF\SamplePDF.csproj", "{A365B746-7C83-44B6-81F5-AA0D2333B485}"
EndProject
Project("{FAE04EC0-301F-11D3-BF4B-00C04F79EFBC}") = "InterfaceEx", "InterfaceEx\InterfaceEx.csproj", "{1BD6DCCC-4C8F-4D98-B15D-9CB12E38178D}"
EndProject
Project("{FAE04EC0-301F-11D3-BF4B-00C04F79EFBC}") = "AbstractExample", "AbstractExample\AbstractExample.csproj", "{FC8D3B78-81F1-41FF-A1F1-709CE04DF9F4}"
EndProject
Project("{FAE04EC0-301F-11D3-BF4B-00C04F79EFBC}") = "Decoupling", "Decoupling\Decoupling.csproj", "{0B9B16CE-F774-4F20-800C-DB33DD6125A9}"
EndProject
Project("{FAE04EC0-301F-11D3-BF4B-00C04F79EFBC}") = "StringDuplicate", "StringDuplicate\StringDuplicate.csproj", "{A319F24D-7C0C-4487-942A-A84DCC73C6BF}"
EndProject
Project("{FAE04EC0-301F-11D3-BF4B-00C04F79EFBC}") = "FactoryDI", "FactoryDI\FactoryDI.csproj", "{43025607-D636-4FB8-B2C3-5BFB2578F7D9}"
EndProject
Project("{FAE04EC0-301F-11D3-BF4B-00C04F79EFBC}") = "SampleNunit", "SampleNunit\SampleNunit.csproj", "{A6BA68E0-39A4-49BE-B6FB-D1B80157F81D}"
EndProject
Project("{FAE04EC0-301F-11D3-BF4B-00C04F79EFBC}") = "Framework", "Framework\Framework.csproj", "{EF9BFBE4-D667-4258-9B44-2E964E6334DE}"
EndProject
Project("{FAE04EC0-301F-11D3-BF4B-00C04F79EFBC}") = "ActionDelegate", "ActionDelegate\ActionDelegate.csproj", "{94DDBA0B-5940-41FB-9921-1F8F0E60445D}"
EndProject
Project("{FAE04EC0-301F-11D3-BF4B-00C04F79EFBC}") = "MEF", "MEF\MEF.csproj", "{4B48EBA0-228C-4BE7-9B08-78CFBEAFA729}"
EndProject
Project("{FAE04EC0-301F-11D3-BF4B-00C04F79EFBC}") = "AddingMultiples", "AddingMultiples\AddingMultiples.csproj", "{0F251250-28EF-4751-AD86-A42595B8A373}"
EndProject
Project("{FAE04EC0-301F-11D3-BF4B-00C04F79EFBC}") = "PigLatinVersion", "PigLatinVersion\PigLatinVersion.csproj", "{7BD74A49-DAC8-40FF-B019-14B70EF0ED08}"
EndProject
Project("{FAE04EC0-301F-11D3-BF4B-00C04F79EFBC}") = "DAMPTest", "DAMPTest\DAMPTest.csproj", "{06FA597F-B1F2-42AA-9748-84EB599D0979}"
EndProject
Project("{FAE04EC0-301F-11D3-BF4B-00C04F79EFBC}") = "GenericImplicitTyping", "GenericImplicitTyping\GenericImplicitTyping.csproj", "{317E0333-65CA-498B-A025-0B781B64AA1D}"
EndProject
Project("{FAE04EC0-301F-11D3-BF4B-00C04F79EFBC}") = "MulticastDelegate", "MulticastDelegate\MulticastDelegate.csproj", "{6ED88798-9AC0-4363-B7C1-D122D304E288}"
EndProject
Project("{FAE04EC0-301F-11D3-BF4B-00C04F79EFBC}") = "ExtendingLINQ", "ExtendingLINQ\ExtendingLINQ.csproj", "{E8DE7E65-2323-4B3C-8015-D4D50BF0E41B}"
EndProject
Project("{FAE04EC0-301F-11D3-BF4B-00C04F79EFBC}") = "Serialization", "Serialization\Serialization.csproj", "{C6E0A638-B5E1-4F26-BE0A-1D7C65D10A69}"
EndProject
Project("{FAE04EC0-301F-11D3-BF4B-00C04F79EFBC}") = "WebServiceTesting", "WebServiceTesting\WebServiceTesting.csproj", "{B8154443-82FC-4FA4-BF62-172B51406675}"
EndProject
Project("{FAE04EC0-301F-11D3-BF4B-00C04F79EFBC}") = "ParallelExecution", "ParallelExecution\ParallelExecution.csproj", "{7581A58A-8147-46E4-AAEE-F0E27398CFB3}"
EndProject
Project("{2150E333-8FDC-42A3-9474-1A3956D46DE8}") = ".nuget", ".nuget", "{8448B928-4BA2-4574-B7C6-806764D2D1E0}"
	ProjectSection(SolutionItems) = preProject
		.nuget\packages.config = .nuget\packages.config
	EndProjectSection
EndProject
Project("{FAE04EC0-301F-11D3-BF4B-00C04F79EFBC}") = "SeleniumGrid", "SeleniumGird\SeleniumGrid.csproj", "{F792F3EF-492E-4223-98EF-E8A2E1B0B817}"
EndProject
Project("{FAE04EC0-301F-11D3-BF4B-00C04F79EFBC}") = "SauceLabRemoteExecution", "SauceLabRemoteExecution\SauceLabRemoteExecution.csproj", "{ED36310C-B6CC-4390-922F-0013716AE29F}"
EndProject
Project("{FAE04EC0-301F-11D3-BF4B-00C04F79EFBC}") = "Fibonacci", "Fibonacci\Fibonacci.csproj", "{8CB48872-AED0-414E-B601-9EAC89BC0111}"
EndProject
Project("{FAE04EC0-301F-11D3-BF4B-00C04F79EFBC}") = "ReverseNumber", "ReverseNumber\ReverseNumber.csproj", "{89849249-08BF-4E8D-B773-0E53259B78D9}"
EndProject
Project("{FAE04EC0-301F-11D3-BF4B-00C04F79EFBC}") = "OddnumberYield", "OddnumberYield\OddnumberYield.csproj", "{DA288EA8-3990-49C5-9EE2-40B564124432}"
EndProject
Project("{FAE04EC0-301F-11D3-BF4B-00C04F79EFBC}") = "CharMax", "CharMax\CharMax.csproj", "{1E39737A-16A5-433E-8BB6-3778798FA01F}"
EndProject
Project("{FAE04EC0-301F-11D3-BF4B-00C04F79EFBC}") = "ZipExample", "ZipExample\ZipExample.csproj", "{3D557DEE-5540-44E8-9F55-D04BC856913C}"
EndProject
Project("{FAE04EC0-301F-11D3-BF4B-00C04F79EFBC}") = "BuildPackageTool", "BuildTool\BuildTool\BuildPackageTool.csproj", "{A206E649-25F9-4F4E-A84B-13B6C83D10D3}"
EndProject
Global
	GlobalSection(SolutionConfigurationPlatforms) = preSolution
		Debug|Any CPU = Debug|Any CPU
		Debug|Platform Target = Debug|Platform Target
		Debug|x64 = Debug|x64
		Debug|x86 = Debug|x86
		Release|Any CPU = Release|Any CPU
		Release|Platform Target = Release|Platform Target
		Release|x64 = Release|x64
		Release|x86 = Release|x86
	EndGlobalSection
	GlobalSection(ProjectConfigurationPlatforms) = postSolution
		{B6EA05FA-3990-4644-8F08-3698215DD06A}.Debug|Any CPU.ActiveCfg = Debug|x86
		{B6EA05FA-3990-4644-8F08-3698215DD06A}.Debug|Any CPU.Build.0 = Debug|x86
		{B6EA05FA-3990-4644-8F08-3698215DD06A}.Debug|Platform Target.ActiveCfg = Debug|Any CPU
		{B6EA05FA-3990-4644-8F08-3698215DD06A}.Debug|Platform Target.Build.0 = Debug|Any CPU
		{B6EA05FA-3990-4644-8F08-3698215DD06A}.Debug|x64.ActiveCfg = Debug|Any CPU
		{B6EA05FA-3990-4644-8F08-3698215DD06A}.Debug|x64.Build.0 = Debug|Any CPU
		{B6EA05FA-3990-4644-8F08-3698215DD06A}.Debug|x86.ActiveCfg = Debug|Any CPU
		{B6EA05FA-3990-4644-8F08-3698215DD06A}.Debug|x86.Build.0 = Debug|Any CPU
		{B6EA05FA-3990-4644-8F08-3698215DD06A}.Release|Any CPU.ActiveCfg = Release|Any CPU
		{B6EA05FA-3990-4644-8F08-3698215DD06A}.Release|Any CPU.Build.0 = Release|Any CPU
		{B6EA05FA-3990-4644-8F08-3698215DD06A}.Release|Platform Target.ActiveCfg = Release|Any CPU
		{B6EA05FA-3990-4644-8F08-3698215DD06A}.Release|Platform Target.Build.0 = Release|Any CPU
		{B6EA05FA-3990-4644-8F08-3698215DD06A}.Release|x64.ActiveCfg = Release|x64
		{B6EA05FA-3990-4644-8F08-3698215DD06A}.Release|x64.Build.0 = Release|x64
		{B6EA05FA-3990-4644-8F08-3698215DD06A}.Release|x86.ActiveCfg = Release|x86
		{B6EA05FA-3990-4644-8F08-3698215DD06A}.Release|x86.Build.0 = Release|x86
		{716FE797-C94C-40B1-894D-D94495F2EEEC}.Debug|Any CPU.ActiveCfg = Debug|x86
		{716FE797-C94C-40B1-894D-D94495F2EEEC}.Debug|Any CPU.Build.0 = Debug|x86
		{716FE797-C94C-40B1-894D-D94495F2EEEC}.Debug|Platform Target.ActiveCfg = Debug|x86
		{716FE797-C94C-40B1-894D-D94495F2EEEC}.Debug|Platform Target.Build.0 = Debug|x86
		{716FE797-C94C-40B1-894D-D94495F2EEEC}.Debug|x64.ActiveCfg = Debug|Any CPU
		{716FE797-C94C-40B1-894D-D94495F2EEEC}.Debug|x64.Build.0 = Debug|Any CPU
		{716FE797-C94C-40B1-894D-D94495F2EEEC}.Debug|x86.ActiveCfg = Debug|x86
		{716FE797-C94C-40B1-894D-D94495F2EEEC}.Debug|x86.Build.0 = Debug|x86
		{716FE797-C94C-40B1-894D-D94495F2EEEC}.Release|Any CPU.ActiveCfg = Release|Any CPU
		{716FE797-C94C-40B1-894D-D94495F2EEEC}.Release|Any CPU.Build.0 = Release|Any CPU
		{716FE797-C94C-40B1-894D-D94495F2EEEC}.Release|Platform Target.ActiveCfg = Release|Any CPU
		{716FE797-C94C-40B1-894D-D94495F2EEEC}.Release|Platform Target.Build.0 = Release|Any CPU
		{716FE797-C94C-40B1-894D-D94495F2EEEC}.Release|x64.ActiveCfg = Release|x64
		{716FE797-C94C-40B1-894D-D94495F2EEEC}.Release|x64.Build.0 = Release|x64
		{716FE797-C94C-40B1-894D-D94495F2EEEC}.Release|x86.ActiveCfg = Release|x86
		{716FE797-C94C-40B1-894D-D94495F2EEEC}.Release|x86.Build.0 = Release|x86
		{BA52EB27-59F3-4530-A9F9-0A2990C1C122}.Debug|Any CPU.ActiveCfg = Debug|x86
		{BA52EB27-59F3-4530-A9F9-0A2990C1C122}.Debug|Any CPU.Build.0 = Debug|x86
		{BA52EB27-59F3-4530-A9F9-0A2990C1C122}.Debug|Platform Target.ActiveCfg = Debug|x86
		{BA52EB27-59F3-4530-A9F9-0A2990C1C122}.Debug|Platform Target.Build.0 = Debug|x86
		{BA52EB27-59F3-4530-A9F9-0A2990C1C122}.Debug|x64.ActiveCfg = Debug|Any CPU
		{BA52EB27-59F3-4530-A9F9-0A2990C1C122}.Debug|x64.Build.0 = Debug|Any CPU
		{BA52EB27-59F3-4530-A9F9-0A2990C1C122}.Debug|x86.ActiveCfg = Debug|x86
		{BA52EB27-59F3-4530-A9F9-0A2990C1C122}.Debug|x86.Build.0 = Debug|x86
		{BA52EB27-59F3-4530-A9F9-0A2990C1C122}.Release|Any CPU.ActiveCfg = Release|Any CPU
		{BA52EB27-59F3-4530-A9F9-0A2990C1C122}.Release|Any CPU.Build.0 = Release|Any CPU
		{BA52EB27-59F3-4530-A9F9-0A2990C1C122}.Release|Platform Target.ActiveCfg = Release|Any CPU
		{BA52EB27-59F3-4530-A9F9-0A2990C1C122}.Release|Platform Target.Build.0 = Release|Any CPU
		{BA52EB27-59F3-4530-A9F9-0A2990C1C122}.Release|x64.ActiveCfg = Release|x64
		{BA52EB27-59F3-4530-A9F9-0A2990C1C122}.Release|x64.Build.0 = Release|x64
		{BA52EB27-59F3-4530-A9F9-0A2990C1C122}.Release|x86.ActiveCfg = Release|x86
		{BA52EB27-59F3-4530-A9F9-0A2990C1C122}.Release|x86.Build.0 = Release|x86
		{826134A9-05E1-4194-90D5-AAC91E432D48}.Debug|Any CPU.ActiveCfg = Debug|x86
		{826134A9-05E1-4194-90D5-AAC91E432D48}.Debug|Any CPU.Build.0 = Debug|x86
		{826134A9-05E1-4194-90D5-AAC91E432D48}.Debug|Platform Target.ActiveCfg = Debug|x86
		{826134A9-05E1-4194-90D5-AAC91E432D48}.Debug|Platform Target.Build.0 = Debug|x86
		{826134A9-05E1-4194-90D5-AAC91E432D48}.Debug|x64.ActiveCfg = Debug|Any CPU
		{826134A9-05E1-4194-90D5-AAC91E432D48}.Debug|x64.Build.0 = Debug|Any CPU
		{826134A9-05E1-4194-90D5-AAC91E432D48}.Debug|x86.ActiveCfg = Debug|x86
		{826134A9-05E1-4194-90D5-AAC91E432D48}.Debug|x86.Build.0 = Debug|x86
		{826134A9-05E1-4194-90D5-AAC91E432D48}.Release|Any CPU.ActiveCfg = Release|Any CPU
		{826134A9-05E1-4194-90D5-AAC91E432D48}.Release|Any CPU.Build.0 = Release|Any CPU
		{826134A9-05E1-4194-90D5-AAC91E432D48}.Release|Platform Target.ActiveCfg = Release|Any CPU
		{826134A9-05E1-4194-90D5-AAC91E432D48}.Release|Platform Target.Build.0 = Release|Any CPU
		{826134A9-05E1-4194-90D5-AAC91E432D48}.Release|x64.ActiveCfg = Release|x64
		{826134A9-05E1-4194-90D5-AAC91E432D48}.Release|x64.Build.0 = Release|x64
		{826134A9-05E1-4194-90D5-AAC91E432D48}.Release|x86.ActiveCfg = Release|x86
		{826134A9-05E1-4194-90D5-AAC91E432D48}.Release|x86.Build.0 = Release|x86
		{27F7EC13-352E-43A1-AFA1-B7784D6E463B}.Debug|Any CPU.ActiveCfg = Debug|x86
		{27F7EC13-352E-43A1-AFA1-B7784D6E463B}.Debug|Any CPU.Build.0 = Debug|x86
		{27F7EC13-352E-43A1-AFA1-B7784D6E463B}.Debug|Platform Target.ActiveCfg = Debug|x86
		{27F7EC13-352E-43A1-AFA1-B7784D6E463B}.Debug|Platform Target.Build.0 = Debug|x86
		{27F7EC13-352E-43A1-AFA1-B7784D6E463B}.Debug|x64.ActiveCfg = Debug|Any CPU
		{27F7EC13-352E-43A1-AFA1-B7784D6E463B}.Debug|x64.Build.0 = Debug|Any CPU
		{27F7EC13-352E-43A1-AFA1-B7784D6E463B}.Debug|x86.ActiveCfg = Debug|x86
		{27F7EC13-352E-43A1-AFA1-B7784D6E463B}.Debug|x86.Build.0 = Debug|x86
		{27F7EC13-352E-43A1-AFA1-B7784D6E463B}.Release|Any CPU.ActiveCfg = Release|Any CPU
		{27F7EC13-352E-43A1-AFA1-B7784D6E463B}.Release|Any CPU.Build.0 = Release|Any CPU
		{27F7EC13-352E-43A1-AFA1-B7784D6E463B}.Release|Platform Target.ActiveCfg = Release|Any CPU
		{27F7EC13-352E-43A1-AFA1-B7784D6E463B}.Release|Platform Target.Build.0 = Release|Any CPU
		{27F7EC13-352E-43A1-AFA1-B7784D6E463B}.Release|x64.ActiveCfg = Release|x64
		{27F7EC13-352E-43A1-AFA1-B7784D6E463B}.Release|x64.Build.0 = Release|x64
		{27F7EC13-352E-43A1-AFA1-B7784D6E463B}.Release|x86.ActiveCfg = Release|x86
		{27F7EC13-352E-43A1-AFA1-B7784D6E463B}.Release|x86.Build.0 = Release|x86
		{B5966330-EECA-4E6E-A54C-F2330A1BE33D}.Debug|Any CPU.ActiveCfg = Debug|x86
		{B5966330-EECA-4E6E-A54C-F2330A1BE33D}.Debug|Any CPU.Build.0 = Debug|x86
		{B5966330-EECA-4E6E-A54C-F2330A1BE33D}.Debug|Platform Target.ActiveCfg = Debug|x86
		{B5966330-EECA-4E6E-A54C-F2330A1BE33D}.Debug|Platform Target.Build.0 = Debug|x86
		{B5966330-EECA-4E6E-A54C-F2330A1BE33D}.Debug|x64.ActiveCfg = Debug|Any CPU
		{B5966330-EECA-4E6E-A54C-F2330A1BE33D}.Debug|x64.Build.0 = Debug|Any CPU
		{B5966330-EECA-4E6E-A54C-F2330A1BE33D}.Debug|x86.ActiveCfg = Debug|x86
		{B5966330-EECA-4E6E-A54C-F2330A1BE33D}.Debug|x86.Build.0 = Debug|x86
		{B5966330-EECA-4E6E-A54C-F2330A1BE33D}.Release|Any CPU.ActiveCfg = Release|Any CPU
		{B5966330-EECA-4E6E-A54C-F2330A1BE33D}.Release|Any CPU.Build.0 = Release|Any CPU
		{B5966330-EECA-4E6E-A54C-F2330A1BE33D}.Release|Platform Target.ActiveCfg = Release|Any CPU
		{B5966330-EECA-4E6E-A54C-F2330A1BE33D}.Release|Platform Target.Build.0 = Release|Any CPU
		{B5966330-EECA-4E6E-A54C-F2330A1BE33D}.Release|x64.ActiveCfg = Release|x64
		{B5966330-EECA-4E6E-A54C-F2330A1BE33D}.Release|x64.Build.0 = Release|x64
		{B5966330-EECA-4E6E-A54C-F2330A1BE33D}.Release|x86.ActiveCfg = Release|x86
		{B5966330-EECA-4E6E-A54C-F2330A1BE33D}.Release|x86.Build.0 = Release|x86
		{77CE4005-6F73-4DBB-BF8E-8DBE9263F45B}.Debug|Any CPU.ActiveCfg = Debug|x86
		{77CE4005-6F73-4DBB-BF8E-8DBE9263F45B}.Debug|Any CPU.Build.0 = Debug|x86
		{77CE4005-6F73-4DBB-BF8E-8DBE9263F45B}.Debug|Platform Target.ActiveCfg = Debug|x86
		{77CE4005-6F73-4DBB-BF8E-8DBE9263F45B}.Debug|Platform Target.Build.0 = Debug|x86
		{77CE4005-6F73-4DBB-BF8E-8DBE9263F45B}.Debug|x64.ActiveCfg = Debug|Any CPU
		{77CE4005-6F73-4DBB-BF8E-8DBE9263F45B}.Debug|x64.Build.0 = Debug|Any CPU
		{77CE4005-6F73-4DBB-BF8E-8DBE9263F45B}.Debug|x86.ActiveCfg = Debug|x86
		{77CE4005-6F73-4DBB-BF8E-8DBE9263F45B}.Debug|x86.Build.0 = Debug|x86
		{77CE4005-6F73-4DBB-BF8E-8DBE9263F45B}.Release|Any CPU.ActiveCfg = Release|Any CPU
		{77CE4005-6F73-4DBB-BF8E-8DBE9263F45B}.Release|Any CPU.Build.0 = Release|Any CPU
		{77CE4005-6F73-4DBB-BF8E-8DBE9263F45B}.Release|Platform Target.ActiveCfg = Release|Any CPU
		{77CE4005-6F73-4DBB-BF8E-8DBE9263F45B}.Release|Platform Target.Build.0 = Release|Any CPU
		{77CE4005-6F73-4DBB-BF8E-8DBE9263F45B}.Release|x64.ActiveCfg = Release|x64
		{77CE4005-6F73-4DBB-BF8E-8DBE9263F45B}.Release|x64.Build.0 = Release|x64
		{77CE4005-6F73-4DBB-BF8E-8DBE9263F45B}.Release|x86.ActiveCfg = Release|x86
		{77CE4005-6F73-4DBB-BF8E-8DBE9263F45B}.Release|x86.Build.0 = Release|x86
		{A9713E52-95A7-4675-95DB-D4A286AB3E32}.Debug|Any CPU.ActiveCfg = Debug|x86
		{A9713E52-95A7-4675-95DB-D4A286AB3E32}.Debug|Any CPU.Build.0 = Debug|x86
		{A9713E52-95A7-4675-95DB-D4A286AB3E32}.Debug|Platform Target.ActiveCfg = Debug|x86
		{A9713E52-95A7-4675-95DB-D4A286AB3E32}.Debug|Platform Target.Build.0 = Debug|x86
		{A9713E52-95A7-4675-95DB-D4A286AB3E32}.Debug|x64.ActiveCfg = Debug|Any CPU
		{A9713E52-95A7-4675-95DB-D4A286AB3E32}.Debug|x64.Build.0 = Debug|Any CPU
		{A9713E52-95A7-4675-95DB-D4A286AB3E32}.Debug|x86.ActiveCfg = Debug|x86
		{A9713E52-95A7-4675-95DB-D4A286AB3E32}.Debug|x86.Build.0 = Debug|x86
		{A9713E52-95A7-4675-95DB-D4A286AB3E32}.Release|Any CPU.ActiveCfg = Release|Any CPU
		{A9713E52-95A7-4675-95DB-D4A286AB3E32}.Release|Any CPU.Build.0 = Release|Any CPU
		{A9713E52-95A7-4675-95DB-D4A286AB3E32}.Release|Platform Target.ActiveCfg = Release|Any CPU
		{A9713E52-95A7-4675-95DB-D4A286AB3E32}.Release|Platform Target.Build.0 = Release|Any CPU
		{A9713E52-95A7-4675-95DB-D4A286AB3E32}.Release|x64.ActiveCfg = Release|x64
		{A9713E52-95A7-4675-95DB-D4A286AB3E32}.Release|x64.Build.0 = Release|x64
		{A9713E52-95A7-4675-95DB-D4A286AB3E32}.Release|x86.ActiveCfg = Release|x86
		{A9713E52-95A7-4675-95DB-D4A286AB3E32}.Release|x86.Build.0 = Release|x86
		{F2BBBB69-0FE7-402A-8264-6C2B8863F6BE}.Debug|Any CPU.ActiveCfg = Debug|x86
		{F2BBBB69-0FE7-402A-8264-6C2B8863F6BE}.Debug|Any CPU.Build.0 = Debug|x86
		{F2BBBB69-0FE7-402A-8264-6C2B8863F6BE}.Debug|Platform Target.ActiveCfg = Debug|x86
		{F2BBBB69-0FE7-402A-8264-6C2B8863F6BE}.Debug|Platform Target.Build.0 = Debug|x86
		{F2BBBB69-0FE7-402A-8264-6C2B8863F6BE}.Debug|x64.ActiveCfg = Debug|Any CPU
		{F2BBBB69-0FE7-402A-8264-6C2B8863F6BE}.Debug|x64.Build.0 = Debug|Any CPU
		{F2BBBB69-0FE7-402A-8264-6C2B8863F6BE}.Debug|x86.ActiveCfg = Debug|x86
		{F2BBBB69-0FE7-402A-8264-6C2B8863F6BE}.Debug|x86.Build.0 = Debug|x86
		{F2BBBB69-0FE7-402A-8264-6C2B8863F6BE}.Release|Any CPU.ActiveCfg = Release|Any CPU
		{F2BBBB69-0FE7-402A-8264-6C2B8863F6BE}.Release|Any CPU.Build.0 = Release|Any CPU
		{F2BBBB69-0FE7-402A-8264-6C2B8863F6BE}.Release|Platform Target.ActiveCfg = Release|Any CPU
		{F2BBBB69-0FE7-402A-8264-6C2B8863F6BE}.Release|Platform Target.Build.0 = Release|Any CPU
		{F2BBBB69-0FE7-402A-8264-6C2B8863F6BE}.Release|x64.ActiveCfg = Release|x64
		{F2BBBB69-0FE7-402A-8264-6C2B8863F6BE}.Release|x64.Build.0 = Release|x64
		{F2BBBB69-0FE7-402A-8264-6C2B8863F6BE}.Release|x86.ActiveCfg = Release|x86
		{F2BBBB69-0FE7-402A-8264-6C2B8863F6BE}.Release|x86.Build.0 = Release|x86
		{5B36AC5E-6E96-4B23-85D0-519C00A43BEE}.Debug|Any CPU.ActiveCfg = Debug|Any CPU
		{5B36AC5E-6E96-4B23-85D0-519C00A43BEE}.Debug|Any CPU.Build.0 = Debug|Any CPU
		{5B36AC5E-6E96-4B23-85D0-519C00A43BEE}.Debug|Platform Target.ActiveCfg = Debug|Any CPU
		{5B36AC5E-6E96-4B23-85D0-519C00A43BEE}.Debug|x64.ActiveCfg = Debug|Any CPU
		{5B36AC5E-6E96-4B23-85D0-519C00A43BEE}.Debug|x86.ActiveCfg = Debug|Any CPU
		{5B36AC5E-6E96-4B23-85D0-519C00A43BEE}.Release|Any CPU.ActiveCfg = Release|Any CPU
		{5B36AC5E-6E96-4B23-85D0-519C00A43BEE}.Release|Any CPU.Build.0 = Release|Any CPU
		{5B36AC5E-6E96-4B23-85D0-519C00A43BEE}.Release|Platform Target.ActiveCfg = Release|Any CPU
		{5B36AC5E-6E96-4B23-85D0-519C00A43BEE}.Release|x64.ActiveCfg = Release|Any CPU
		{5B36AC5E-6E96-4B23-85D0-519C00A43BEE}.Release|x86.ActiveCfg = Release|Any CPU
		{9B7C9734-D514-479E-917C-E1FDBBAC5923}.Debug|Any CPU.ActiveCfg = Debug|Any CPU
		{9B7C9734-D514-479E-917C-E1FDBBAC5923}.Debug|Any CPU.Build.0 = Debug|Any CPU
		{9B7C9734-D514-479E-917C-E1FDBBAC5923}.Debug|Platform Target.ActiveCfg = Debug|Any CPU
		{9B7C9734-D514-479E-917C-E1FDBBAC5923}.Debug|x64.ActiveCfg = Debug|Any CPU
		{9B7C9734-D514-479E-917C-E1FDBBAC5923}.Debug|x86.ActiveCfg = Debug|Any CPU
		{9B7C9734-D514-479E-917C-E1FDBBAC5923}.Release|Any CPU.ActiveCfg = Release|Any CPU
		{9B7C9734-D514-479E-917C-E1FDBBAC5923}.Release|Any CPU.Build.0 = Release|Any CPU
		{9B7C9734-D514-479E-917C-E1FDBBAC5923}.Release|Platform Target.ActiveCfg = Release|Any CPU
		{9B7C9734-D514-479E-917C-E1FDBBAC5923}.Release|x64.ActiveCfg = Release|Any CPU
		{9B7C9734-D514-479E-917C-E1FDBBAC5923}.Release|x86.ActiveCfg = Release|Any CPU
		{B108AA69-C5C2-4C19-A015-8B88C32DF8CE}.Debug|Any CPU.ActiveCfg = Debug|Any CPU
		{B108AA69-C5C2-4C19-A015-8B88C32DF8CE}.Debug|Any CPU.Build.0 = Debug|Any CPU
		{B108AA69-C5C2-4C19-A015-8B88C32DF8CE}.Debug|Platform Target.ActiveCfg = Debug|Any CPU
		{B108AA69-C5C2-4C19-A015-8B88C32DF8CE}.Debug|x64.ActiveCfg = Debug|Any CPU
		{B108AA69-C5C2-4C19-A015-8B88C32DF8CE}.Debug|x86.ActiveCfg = Debug|Any CPU
		{B108AA69-C5C2-4C19-A015-8B88C32DF8CE}.Release|Any CPU.ActiveCfg = Release|Any CPU
		{B108AA69-C5C2-4C19-A015-8B88C32DF8CE}.Release|Any CPU.Build.0 = Release|Any CPU
		{B108AA69-C5C2-4C19-A015-8B88C32DF8CE}.Release|Platform Target.ActiveCfg = Release|Any CPU
		{B108AA69-C5C2-4C19-A015-8B88C32DF8CE}.Release|x64.ActiveCfg = Release|Any CPU
		{B108AA69-C5C2-4C19-A015-8B88C32DF8CE}.Release|x86.ActiveCfg = Release|Any CPU
		{E38DC9C1-89F5-4EE1-9C8E-5EC353E8B24E}.Debug|Any CPU.ActiveCfg = Debug|Any CPU
		{E38DC9C1-89F5-4EE1-9C8E-5EC353E8B24E}.Debug|Any CPU.Build.0 = Debug|Any CPU
		{E38DC9C1-89F5-4EE1-9C8E-5EC353E8B24E}.Debug|Platform Target.ActiveCfg = Debug|Any CPU
		{E38DC9C1-89F5-4EE1-9C8E-5EC353E8B24E}.Debug|x64.ActiveCfg = Debug|Any CPU
		{E38DC9C1-89F5-4EE1-9C8E-5EC353E8B24E}.Debug|x86.ActiveCfg = Debug|Any CPU
		{E38DC9C1-89F5-4EE1-9C8E-5EC353E8B24E}.Release|Any CPU.ActiveCfg = Release|Any CPU
		{E38DC9C1-89F5-4EE1-9C8E-5EC353E8B24E}.Release|Any CPU.Build.0 = Release|Any CPU
		{E38DC9C1-89F5-4EE1-9C8E-5EC353E8B24E}.Release|Platform Target.ActiveCfg = Release|Any CPU
		{E38DC9C1-89F5-4EE1-9C8E-5EC353E8B24E}.Release|x64.ActiveCfg = Release|Any CPU
		{E38DC9C1-89F5-4EE1-9C8E-5EC353E8B24E}.Release|x86.ActiveCfg = Release|Any CPU
		{C217E72A-08C8-4D59-B99D-36C47D09EEF4}.Debug|Any CPU.ActiveCfg = Debug|Any CPU
		{C217E72A-08C8-4D59-B99D-36C47D09EEF4}.Debug|Any CPU.Build.0 = Debug|Any CPU
		{C217E72A-08C8-4D59-B99D-36C47D09EEF4}.Debug|Platform Target.ActiveCfg = Debug|Any CPU
		{C217E72A-08C8-4D59-B99D-36C47D09EEF4}.Debug|x64.ActiveCfg = Debug|Any CPU
		{C217E72A-08C8-4D59-B99D-36C47D09EEF4}.Debug|x86.ActiveCfg = Debug|Any CPU
		{C217E72A-08C8-4D59-B99D-36C47D09EEF4}.Release|Any CPU.ActiveCfg = Release|Any CPU
		{C217E72A-08C8-4D59-B99D-36C47D09EEF4}.Release|Any CPU.Build.0 = Release|Any CPU
		{C217E72A-08C8-4D59-B99D-36C47D09EEF4}.Release|Platform Target.ActiveCfg = Release|Any CPU
		{C217E72A-08C8-4D59-B99D-36C47D09EEF4}.Release|x64.ActiveCfg = Release|Any CPU
		{C217E72A-08C8-4D59-B99D-36C47D09EEF4}.Release|x86.ActiveCfg = Release|Any CPU
		{7385C64B-56EE-490B-B45D-8EB31C71DCAE}.Debug|Any CPU.ActiveCfg = Debug|Any CPU
		{7385C64B-56EE-490B-B45D-8EB31C71DCAE}.Debug|Any CPU.Build.0 = Debug|Any CPU
		{7385C64B-56EE-490B-B45D-8EB31C71DCAE}.Debug|Platform Target.ActiveCfg = Debug|Any CPU
		{7385C64B-56EE-490B-B45D-8EB31C71DCAE}.Debug|x64.ActiveCfg = Debug|Any CPU
		{7385C64B-56EE-490B-B45D-8EB31C71DCAE}.Debug|x86.ActiveCfg = Debug|Any CPU
		{7385C64B-56EE-490B-B45D-8EB31C71DCAE}.Release|Any CPU.ActiveCfg = Release|Any CPU
		{7385C64B-56EE-490B-B45D-8EB31C71DCAE}.Release|Any CPU.Build.0 = Release|Any CPU
		{7385C64B-56EE-490B-B45D-8EB31C71DCAE}.Release|Platform Target.ActiveCfg = Release|Any CPU
		{7385C64B-56EE-490B-B45D-8EB31C71DCAE}.Release|x64.ActiveCfg = Release|Any CPU
		{7385C64B-56EE-490B-B45D-8EB31C71DCAE}.Release|x86.ActiveCfg = Release|Any CPU
		{4AA3E7F3-C108-4554-A2D7-0B5FC4945F04}.Debug|Any CPU.ActiveCfg = Debug|Any CPU
		{4AA3E7F3-C108-4554-A2D7-0B5FC4945F04}.Debug|Any CPU.Build.0 = Debug|Any CPU
		{4AA3E7F3-C108-4554-A2D7-0B5FC4945F04}.Debug|Platform Target.ActiveCfg = Debug|Any CPU
		{4AA3E7F3-C108-4554-A2D7-0B5FC4945F04}.Debug|x64.ActiveCfg = Debug|Any CPU
		{4AA3E7F3-C108-4554-A2D7-0B5FC4945F04}.Debug|x86.ActiveCfg = Debug|Any CPU
		{4AA3E7F3-C108-4554-A2D7-0B5FC4945F04}.Release|Any CPU.ActiveCfg = Release|Any CPU
		{4AA3E7F3-C108-4554-A2D7-0B5FC4945F04}.Release|Any CPU.Build.0 = Release|Any CPU
		{4AA3E7F3-C108-4554-A2D7-0B5FC4945F04}.Release|Platform Target.ActiveCfg = Release|Any CPU
		{4AA3E7F3-C108-4554-A2D7-0B5FC4945F04}.Release|x64.ActiveCfg = Release|Any CPU
		{4AA3E7F3-C108-4554-A2D7-0B5FC4945F04}.Release|x86.ActiveCfg = Release|Any CPU
		{FAE2C760-7837-45EB-B6A9-2E9DCBC4F62B}.Debug|Any CPU.ActiveCfg = Debug|Any CPU
		{FAE2C760-7837-45EB-B6A9-2E9DCBC4F62B}.Debug|Any CPU.Build.0 = Debug|Any CPU
		{FAE2C760-7837-45EB-B6A9-2E9DCBC4F62B}.Debug|Platform Target.ActiveCfg = Debug|Any CPU
		{FAE2C760-7837-45EB-B6A9-2E9DCBC4F62B}.Debug|x64.ActiveCfg = Debug|Any CPU
		{FAE2C760-7837-45EB-B6A9-2E9DCBC4F62B}.Debug|x86.ActiveCfg = Debug|Any CPU
		{FAE2C760-7837-45EB-B6A9-2E9DCBC4F62B}.Release|Any CPU.ActiveCfg = Release|Any CPU
		{FAE2C760-7837-45EB-B6A9-2E9DCBC4F62B}.Release|Any CPU.Build.0 = Release|Any CPU
		{FAE2C760-7837-45EB-B6A9-2E9DCBC4F62B}.Release|Platform Target.ActiveCfg = Release|Any CPU
		{FAE2C760-7837-45EB-B6A9-2E9DCBC4F62B}.Release|x64.ActiveCfg = Release|Any CPU
		{FAE2C760-7837-45EB-B6A9-2E9DCBC4F62B}.Release|x86.ActiveCfg = Release|Any CPU
		{E4C9E185-AC1D-4A1B-BF58-915E7C4548E1}.Debug|Any CPU.ActiveCfg = Debug|Any CPU
		{E4C9E185-AC1D-4A1B-BF58-915E7C4548E1}.Debug|Any CPU.Build.0 = Debug|Any CPU
		{E4C9E185-AC1D-4A1B-BF58-915E7C4548E1}.Debug|Platform Target.ActiveCfg = Debug|Any CPU
		{E4C9E185-AC1D-4A1B-BF58-915E7C4548E1}.Debug|x64.ActiveCfg = Debug|Any CPU
		{E4C9E185-AC1D-4A1B-BF58-915E7C4548E1}.Debug|x86.ActiveCfg = Debug|Any CPU
		{E4C9E185-AC1D-4A1B-BF58-915E7C4548E1}.Release|Any CPU.ActiveCfg = Release|Any CPU
		{E4C9E185-AC1D-4A1B-BF58-915E7C4548E1}.Release|Any CPU.Build.0 = Release|Any CPU
		{E4C9E185-AC1D-4A1B-BF58-915E7C4548E1}.Release|Platform Target.ActiveCfg = Release|Any CPU
		{E4C9E185-AC1D-4A1B-BF58-915E7C4548E1}.Release|x64.ActiveCfg = Release|Any CPU
		{E4C9E185-AC1D-4A1B-BF58-915E7C4548E1}.Release|x86.ActiveCfg = Release|Any CPU
		{33E557FB-FD52-41BE-B2EB-75AD0EE1EF01}.Debug|Any CPU.ActiveCfg = Debug|Any CPU
		{33E557FB-FD52-41BE-B2EB-75AD0EE1EF01}.Debug|Any CPU.Build.0 = Debug|Any CPU
		{33E557FB-FD52-41BE-B2EB-75AD0EE1EF01}.Debug|Platform Target.ActiveCfg = Debug|Any CPU
		{33E557FB-FD52-41BE-B2EB-75AD0EE1EF01}.Debug|x64.ActiveCfg = Debug|Any CPU
		{33E557FB-FD52-41BE-B2EB-75AD0EE1EF01}.Debug|x86.ActiveCfg = Debug|Any CPU
		{33E557FB-FD52-41BE-B2EB-75AD0EE1EF01}.Release|Any CPU.ActiveCfg = Release|Any CPU
		{33E557FB-FD52-41BE-B2EB-75AD0EE1EF01}.Release|Any CPU.Build.0 = Release|Any CPU
		{33E557FB-FD52-41BE-B2EB-75AD0EE1EF01}.Release|Platform Target.ActiveCfg = Release|Any CPU
		{33E557FB-FD52-41BE-B2EB-75AD0EE1EF01}.Release|x64.ActiveCfg = Release|Any CPU
		{33E557FB-FD52-41BE-B2EB-75AD0EE1EF01}.Release|x86.ActiveCfg = Release|Any CPU
		{BC4A639D-E9F7-442E-BBA8-87A63EF92972}.Debug|Any CPU.ActiveCfg = Debug|Any CPU
		{BC4A639D-E9F7-442E-BBA8-87A63EF92972}.Debug|Any CPU.Build.0 = Debug|Any CPU
		{BC4A639D-E9F7-442E-BBA8-87A63EF92972}.Debug|Platform Target.ActiveCfg = Debug|Any CPU
		{BC4A639D-E9F7-442E-BBA8-87A63EF92972}.Debug|x64.ActiveCfg = Debug|Any CPU
		{BC4A639D-E9F7-442E-BBA8-87A63EF92972}.Debug|x86.ActiveCfg = Debug|Any CPU
		{BC4A639D-E9F7-442E-BBA8-87A63EF92972}.Release|Any CPU.ActiveCfg = Release|Any CPU
		{BC4A639D-E9F7-442E-BBA8-87A63EF92972}.Release|Any CPU.Build.0 = Release|Any CPU
		{BC4A639D-E9F7-442E-BBA8-87A63EF92972}.Release|Platform Target.ActiveCfg = Release|Any CPU
		{BC4A639D-E9F7-442E-BBA8-87A63EF92972}.Release|x64.ActiveCfg = Release|Any CPU
		{BC4A639D-E9F7-442E-BBA8-87A63EF92972}.Release|x86.ActiveCfg = Release|Any CPU
		{B10B4EAC-A11D-4488-B106-F7520BC52D59}.Debug|Any CPU.ActiveCfg = Debug|Any CPU
		{B10B4EAC-A11D-4488-B106-F7520BC52D59}.Debug|Any CPU.Build.0 = Debug|Any CPU
		{B10B4EAC-A11D-4488-B106-F7520BC52D59}.Debug|Platform Target.ActiveCfg = Debug|Any CPU
		{B10B4EAC-A11D-4488-B106-F7520BC52D59}.Debug|x64.ActiveCfg = Debug|Any CPU
		{B10B4EAC-A11D-4488-B106-F7520BC52D59}.Debug|x86.ActiveCfg = Debug|Any CPU
		{B10B4EAC-A11D-4488-B106-F7520BC52D59}.Release|Any CPU.ActiveCfg = Release|Any CPU
		{B10B4EAC-A11D-4488-B106-F7520BC52D59}.Release|Any CPU.Build.0 = Release|Any CPU
		{B10B4EAC-A11D-4488-B106-F7520BC52D59}.Release|Platform Target.ActiveCfg = Release|Any CPU
		{B10B4EAC-A11D-4488-B106-F7520BC52D59}.Release|x64.ActiveCfg = Release|Any CPU
		{B10B4EAC-A11D-4488-B106-F7520BC52D59}.Release|x86.ActiveCfg = Release|Any CPU
		{527F6AC8-B3A8-42E6-9F8F-673CC5B7D25A}.Debug|Any CPU.ActiveCfg = Debug|Any CPU
		{527F6AC8-B3A8-42E6-9F8F-673CC5B7D25A}.Debug|Any CPU.Build.0 = Debug|Any CPU
		{527F6AC8-B3A8-42E6-9F8F-673CC5B7D25A}.Debug|Platform Target.ActiveCfg = Debug|Any CPU
		{527F6AC8-B3A8-42E6-9F8F-673CC5B7D25A}.Debug|x64.ActiveCfg = Debug|Any CPU
		{527F6AC8-B3A8-42E6-9F8F-673CC5B7D25A}.Debug|x86.ActiveCfg = Debug|Any CPU
		{527F6AC8-B3A8-42E6-9F8F-673CC5B7D25A}.Release|Any CPU.ActiveCfg = Release|Any CPU
		{527F6AC8-B3A8-42E6-9F8F-673CC5B7D25A}.Release|Any CPU.Build.0 = Release|Any CPU
		{527F6AC8-B3A8-42E6-9F8F-673CC5B7D25A}.Release|Platform Target.ActiveCfg = Release|Any CPU
		{527F6AC8-B3A8-42E6-9F8F-673CC5B7D25A}.Release|x64.ActiveCfg = Release|Any CPU
		{527F6AC8-B3A8-42E6-9F8F-673CC5B7D25A}.Release|x86.ActiveCfg = Release|Any CPU
		{685CC9B2-F07C-402E-8606-25841D8B3111}.Debug|Any CPU.ActiveCfg = Debug|Any CPU
		{685CC9B2-F07C-402E-8606-25841D8B3111}.Debug|Any CPU.Build.0 = Debug|Any CPU
		{685CC9B2-F07C-402E-8606-25841D8B3111}.Debug|Platform Target.ActiveCfg = Debug|Any CPU
		{685CC9B2-F07C-402E-8606-25841D8B3111}.Debug|x64.ActiveCfg = Debug|Any CPU
		{685CC9B2-F07C-402E-8606-25841D8B3111}.Debug|x86.ActiveCfg = Debug|Any CPU
		{685CC9B2-F07C-402E-8606-25841D8B3111}.Release|Any CPU.ActiveCfg = Release|Any CPU
		{685CC9B2-F07C-402E-8606-25841D8B3111}.Release|Any CPU.Build.0 = Release|Any CPU
		{685CC9B2-F07C-402E-8606-25841D8B3111}.Release|Platform Target.ActiveCfg = Release|Any CPU
		{685CC9B2-F07C-402E-8606-25841D8B3111}.Release|x64.ActiveCfg = Release|Any CPU
		{685CC9B2-F07C-402E-8606-25841D8B3111}.Release|x86.ActiveCfg = Release|Any CPU
		{59C05FD7-2298-427F-B900-76EA369A297A}.Debug|Any CPU.ActiveCfg = Debug|Any CPU
		{59C05FD7-2298-427F-B900-76EA369A297A}.Debug|Any CPU.Build.0 = Debug|Any CPU
		{59C05FD7-2298-427F-B900-76EA369A297A}.Debug|Platform Target.ActiveCfg = Debug|Any CPU
		{59C05FD7-2298-427F-B900-76EA369A297A}.Debug|x64.ActiveCfg = Debug|Any CPU
		{59C05FD7-2298-427F-B900-76EA369A297A}.Debug|x86.ActiveCfg = Debug|Any CPU
		{59C05FD7-2298-427F-B900-76EA369A297A}.Release|Any CPU.ActiveCfg = Release|Any CPU
		{59C05FD7-2298-427F-B900-76EA369A297A}.Release|Any CPU.Build.0 = Release|Any CPU
		{59C05FD7-2298-427F-B900-76EA369A297A}.Release|Platform Target.ActiveCfg = Release|Any CPU
		{59C05FD7-2298-427F-B900-76EA369A297A}.Release|x64.ActiveCfg = Release|Any CPU
		{59C05FD7-2298-427F-B900-76EA369A297A}.Release|x86.ActiveCfg = Release|Any CPU
		{7745E5AE-933E-475E-9E90-096863E259BF}.Debug|Any CPU.ActiveCfg = Debug|Any CPU
		{7745E5AE-933E-475E-9E90-096863E259BF}.Debug|Any CPU.Build.0 = Debug|Any CPU
		{7745E5AE-933E-475E-9E90-096863E259BF}.Debug|Platform Target.ActiveCfg = Debug|Any CPU
		{7745E5AE-933E-475E-9E90-096863E259BF}.Debug|x64.ActiveCfg = Debug|Any CPU
		{7745E5AE-933E-475E-9E90-096863E259BF}.Debug|x86.ActiveCfg = Debug|Any CPU
		{7745E5AE-933E-475E-9E90-096863E259BF}.Release|Any CPU.ActiveCfg = Release|Any CPU
		{7745E5AE-933E-475E-9E90-096863E259BF}.Release|Any CPU.Build.0 = Release|Any CPU
		{7745E5AE-933E-475E-9E90-096863E259BF}.Release|Platform Target.ActiveCfg = Release|Any CPU
		{7745E5AE-933E-475E-9E90-096863E259BF}.Release|x64.ActiveCfg = Release|Any CPU
		{7745E5AE-933E-475E-9E90-096863E259BF}.Release|x86.ActiveCfg = Release|Any CPU
		{A365B746-7C83-44B6-81F5-AA0D2333B485}.Debug|Any CPU.ActiveCfg = Debug|Any CPU
		{A365B746-7C83-44B6-81F5-AA0D2333B485}.Debug|Any CPU.Build.0 = Debug|Any CPU
		{A365B746-7C83-44B6-81F5-AA0D2333B485}.Debug|Platform Target.ActiveCfg = Debug|Any CPU
		{A365B746-7C83-44B6-81F5-AA0D2333B485}.Debug|x64.ActiveCfg = Debug|Any CPU
		{A365B746-7C83-44B6-81F5-AA0D2333B485}.Debug|x86.ActiveCfg = Debug|Any CPU
		{A365B746-7C83-44B6-81F5-AA0D2333B485}.Release|Any CPU.ActiveCfg = Release|Any CPU
		{A365B746-7C83-44B6-81F5-AA0D2333B485}.Release|Any CPU.Build.0 = Release|Any CPU
		{A365B746-7C83-44B6-81F5-AA0D2333B485}.Release|Platform Target.ActiveCfg = Release|Any CPU
		{A365B746-7C83-44B6-81F5-AA0D2333B485}.Release|x64.ActiveCfg = Release|Any CPU
		{A365B746-7C83-44B6-81F5-AA0D2333B485}.Release|x86.ActiveCfg = Release|Any CPU
		{1BD6DCCC-4C8F-4D98-B15D-9CB12E38178D}.Debug|Any CPU.ActiveCfg = Debug|Any CPU
		{1BD6DCCC-4C8F-4D98-B15D-9CB12E38178D}.Debug|Any CPU.Build.0 = Debug|Any CPU
		{1BD6DCCC-4C8F-4D98-B15D-9CB12E38178D}.Debug|Platform Target.ActiveCfg = Debug|Any CPU
		{1BD6DCCC-4C8F-4D98-B15D-9CB12E38178D}.Debug|x64.ActiveCfg = Debug|Any CPU
		{1BD6DCCC-4C8F-4D98-B15D-9CB12E38178D}.Debug|x86.ActiveCfg = Debug|Any CPU
		{1BD6DCCC-4C8F-4D98-B15D-9CB12E38178D}.Release|Any CPU.ActiveCfg = Release|Any CPU
		{1BD6DCCC-4C8F-4D98-B15D-9CB12E38178D}.Release|Any CPU.Build.0 = Release|Any CPU
		{1BD6DCCC-4C8F-4D98-B15D-9CB12E38178D}.Release|Platform Target.ActiveCfg = Release|Any CPU
		{1BD6DCCC-4C8F-4D98-B15D-9CB12E38178D}.Release|x64.ActiveCfg = Release|Any CPU
		{1BD6DCCC-4C8F-4D98-B15D-9CB12E38178D}.Release|x86.ActiveCfg = Release|Any CPU
		{FC8D3B78-81F1-41FF-A1F1-709CE04DF9F4}.Debug|Any CPU.ActiveCfg = Debug|Any CPU
		{FC8D3B78-81F1-41FF-A1F1-709CE04DF9F4}.Debug|Any CPU.Build.0 = Debug|Any CPU
		{FC8D3B78-81F1-41FF-A1F1-709CE04DF9F4}.Debug|Platform Target.ActiveCfg = Debug|Any CPU
		{FC8D3B78-81F1-41FF-A1F1-709CE04DF9F4}.Debug|x64.ActiveCfg = Debug|Any CPU
		{FC8D3B78-81F1-41FF-A1F1-709CE04DF9F4}.Debug|x86.ActiveCfg = Debug|Any CPU
		{FC8D3B78-81F1-41FF-A1F1-709CE04DF9F4}.Release|Any CPU.ActiveCfg = Release|Any CPU
		{FC8D3B78-81F1-41FF-A1F1-709CE04DF9F4}.Release|Any CPU.Build.0 = Release|Any CPU
		{FC8D3B78-81F1-41FF-A1F1-709CE04DF9F4}.Release|Platform Target.ActiveCfg = Release|Any CPU
		{FC8D3B78-81F1-41FF-A1F1-709CE04DF9F4}.Release|x64.ActiveCfg = Release|Any CPU
		{FC8D3B78-81F1-41FF-A1F1-709CE04DF9F4}.Release|x86.ActiveCfg = Release|Any CPU
		{0B9B16CE-F774-4F20-800C-DB33DD6125A9}.Debug|Any CPU.ActiveCfg = Debug|Any CPU
		{0B9B16CE-F774-4F20-800C-DB33DD6125A9}.Debug|Any CPU.Build.0 = Debug|Any CPU
		{0B9B16CE-F774-4F20-800C-DB33DD6125A9}.Debug|Platform Target.ActiveCfg = Debug|Any CPU
		{0B9B16CE-F774-4F20-800C-DB33DD6125A9}.Debug|x64.ActiveCfg = Debug|Any CPU
		{0B9B16CE-F774-4F20-800C-DB33DD6125A9}.Debug|x86.ActiveCfg = Debug|Any CPU
		{0B9B16CE-F774-4F20-800C-DB33DD6125A9}.Release|Any CPU.ActiveCfg = Release|Any CPU
		{0B9B16CE-F774-4F20-800C-DB33DD6125A9}.Release|Any CPU.Build.0 = Release|Any CPU
		{0B9B16CE-F774-4F20-800C-DB33DD6125A9}.Release|Platform Target.ActiveCfg = Release|Any CPU
		{0B9B16CE-F774-4F20-800C-DB33DD6125A9}.Release|x64.ActiveCfg = Release|Any CPU
		{0B9B16CE-F774-4F20-800C-DB33DD6125A9}.Release|x86.ActiveCfg = Release|Any CPU
		{A319F24D-7C0C-4487-942A-A84DCC73C6BF}.Debug|Any CPU.ActiveCfg = Debug|Any CPU
		{A319F24D-7C0C-4487-942A-A84DCC73C6BF}.Debug|Any CPU.Build.0 = Debug|Any CPU
		{A319F24D-7C0C-4487-942A-A84DCC73C6BF}.Debug|Platform Target.ActiveCfg = Debug|Any CPU
		{A319F24D-7C0C-4487-942A-A84DCC73C6BF}.Debug|x64.ActiveCfg = Debug|Any CPU
		{A319F24D-7C0C-4487-942A-A84DCC73C6BF}.Debug|x86.ActiveCfg = Debug|Any CPU
		{A319F24D-7C0C-4487-942A-A84DCC73C6BF}.Release|Any CPU.ActiveCfg = Release|Any CPU
		{A319F24D-7C0C-4487-942A-A84DCC73C6BF}.Release|Any CPU.Build.0 = Release|Any CPU
		{A319F24D-7C0C-4487-942A-A84DCC73C6BF}.Release|Platform Target.ActiveCfg = Release|Any CPU
		{A319F24D-7C0C-4487-942A-A84DCC73C6BF}.Release|x64.ActiveCfg = Release|Any CPU
		{A319F24D-7C0C-4487-942A-A84DCC73C6BF}.Release|x86.ActiveCfg = Release|Any CPU
		{43025607-D636-4FB8-B2C3-5BFB2578F7D9}.Debug|Any CPU.ActiveCfg = Debug|Any CPU
		{43025607-D636-4FB8-B2C3-5BFB2578F7D9}.Debug|Any CPU.Build.0 = Debug|Any CPU
		{43025607-D636-4FB8-B2C3-5BFB2578F7D9}.Debug|Platform Target.ActiveCfg = Debug|Any CPU
		{43025607-D636-4FB8-B2C3-5BFB2578F7D9}.Debug|x64.ActiveCfg = Debug|Any CPU
		{43025607-D636-4FB8-B2C3-5BFB2578F7D9}.Debug|x86.ActiveCfg = Debug|Any CPU
		{43025607-D636-4FB8-B2C3-5BFB2578F7D9}.Release|Any CPU.ActiveCfg = Release|Any CPU
		{43025607-D636-4FB8-B2C3-5BFB2578F7D9}.Release|Any CPU.Build.0 = Release|Any CPU
		{43025607-D636-4FB8-B2C3-5BFB2578F7D9}.Release|Platform Target.ActiveCfg = Release|Any CPU
		{43025607-D636-4FB8-B2C3-5BFB2578F7D9}.Release|x64.ActiveCfg = Release|Any CPU
		{43025607-D636-4FB8-B2C3-5BFB2578F7D9}.Release|x86.ActiveCfg = Release|Any CPU
		{A6BA68E0-39A4-49BE-B6FB-D1B80157F81D}.Debug|Any CPU.ActiveCfg = Debug|Any CPU
		{A6BA68E0-39A4-49BE-B6FB-D1B80157F81D}.Debug|Any CPU.Build.0 = Debug|Any CPU
		{A6BA68E0-39A4-49BE-B6FB-D1B80157F81D}.Debug|Platform Target.ActiveCfg = Debug|Any CPU
		{A6BA68E0-39A4-49BE-B6FB-D1B80157F81D}.Debug|x64.ActiveCfg = Debug|Any CPU
		{A6BA68E0-39A4-49BE-B6FB-D1B80157F81D}.Debug|x86.ActiveCfg = Debug|Any CPU
		{A6BA68E0-39A4-49BE-B6FB-D1B80157F81D}.Release|Any CPU.ActiveCfg = Release|Any CPU
		{A6BA68E0-39A4-49BE-B6FB-D1B80157F81D}.Release|Any CPU.Build.0 = Release|Any CPU
		{A6BA68E0-39A4-49BE-B6FB-D1B80157F81D}.Release|Platform Target.ActiveCfg = Release|Any CPU
		{A6BA68E0-39A4-49BE-B6FB-D1B80157F81D}.Release|x64.ActiveCfg = Release|Any CPU
		{A6BA68E0-39A4-49BE-B6FB-D1B80157F81D}.Release|x86.ActiveCfg = Release|Any CPU
		{EF9BFBE4-D667-4258-9B44-2E964E6334DE}.Debug|Any CPU.ActiveCfg = Debug|Any CPU
		{EF9BFBE4-D667-4258-9B44-2E964E6334DE}.Debug|Any CPU.Build.0 = Debug|Any CPU
		{EF9BFBE4-D667-4258-9B44-2E964E6334DE}.Debug|Platform Target.ActiveCfg = Debug|Any CPU
		{EF9BFBE4-D667-4258-9B44-2E964E6334DE}.Debug|x64.ActiveCfg = Debug|Any CPU
		{EF9BFBE4-D667-4258-9B44-2E964E6334DE}.Debug|x86.ActiveCfg = Debug|Any CPU
		{EF9BFBE4-D667-4258-9B44-2E964E6334DE}.Release|Any CPU.ActiveCfg = Release|Any CPU
		{EF9BFBE4-D667-4258-9B44-2E964E6334DE}.Release|Any CPU.Build.0 = Release|Any CPU
		{EF9BFBE4-D667-4258-9B44-2E964E6334DE}.Release|Platform Target.ActiveCfg = Release|Any CPU
		{EF9BFBE4-D667-4258-9B44-2E964E6334DE}.Release|x64.ActiveCfg = Release|Any CPU
		{EF9BFBE4-D667-4258-9B44-2E964E6334DE}.Release|x86.ActiveCfg = Release|Any CPU
		{94DDBA0B-5940-41FB-9921-1F8F0E60445D}.Debug|Any CPU.ActiveCfg = Debug|Any CPU
		{94DDBA0B-5940-41FB-9921-1F8F0E60445D}.Debug|Any CPU.Build.0 = Debug|Any CPU
		{94DDBA0B-5940-41FB-9921-1F8F0E60445D}.Debug|Platform Target.ActiveCfg = Debug|Any CPU
		{94DDBA0B-5940-41FB-9921-1F8F0E60445D}.Debug|x64.ActiveCfg = Debug|Any CPU
		{94DDBA0B-5940-41FB-9921-1F8F0E60445D}.Debug|x86.ActiveCfg = Debug|Any CPU
		{94DDBA0B-5940-41FB-9921-1F8F0E60445D}.Release|Any CPU.ActiveCfg = Release|Any CPU
		{94DDBA0B-5940-41FB-9921-1F8F0E60445D}.Release|Any CPU.Build.0 = Release|Any CPU
		{94DDBA0B-5940-41FB-9921-1F8F0E60445D}.Release|Platform Target.ActiveCfg = Release|Any CPU
		{94DDBA0B-5940-41FB-9921-1F8F0E60445D}.Release|x64.ActiveCfg = Release|Any CPU
		{94DDBA0B-5940-41FB-9921-1F8F0E60445D}.Release|x86.ActiveCfg = Release|Any CPU
		{4B48EBA0-228C-4BE7-9B08-78CFBEAFA729}.Debug|Any CPU.ActiveCfg = Debug|Any CPU
		{4B48EBA0-228C-4BE7-9B08-78CFBEAFA729}.Debug|Any CPU.Build.0 = Debug|Any CPU
		{4B48EBA0-228C-4BE7-9B08-78CFBEAFA729}.Debug|Platform Target.ActiveCfg = Debug|Any CPU
		{4B48EBA0-228C-4BE7-9B08-78CFBEAFA729}.Debug|x64.ActiveCfg = Debug|Any CPU
		{4B48EBA0-228C-4BE7-9B08-78CFBEAFA729}.Debug|x86.ActiveCfg = Debug|Any CPU
		{4B48EBA0-228C-4BE7-9B08-78CFBEAFA729}.Release|Any CPU.ActiveCfg = Release|Any CPU
		{4B48EBA0-228C-4BE7-9B08-78CFBEAFA729}.Release|Any CPU.Build.0 = Release|Any CPU
		{4B48EBA0-228C-4BE7-9B08-78CFBEAFA729}.Release|Platform Target.ActiveCfg = Release|Any CPU
		{4B48EBA0-228C-4BE7-9B08-78CFBEAFA729}.Release|x64.ActiveCfg = Release|Any CPU
		{4B48EBA0-228C-4BE7-9B08-78CFBEAFA729}.Release|x86.ActiveCfg = Release|Any CPU
		{0F251250-28EF-4751-AD86-A42595B8A373}.Debug|Any CPU.ActiveCfg = Debug|Any CPU
		{0F251250-28EF-4751-AD86-A42595B8A373}.Debug|Any CPU.Build.0 = Debug|Any CPU
		{0F251250-28EF-4751-AD86-A42595B8A373}.Debug|Platform Target.ActiveCfg = Debug|Any CPU
		{0F251250-28EF-4751-AD86-A42595B8A373}.Debug|x64.ActiveCfg = Debug|Any CPU
		{0F251250-28EF-4751-AD86-A42595B8A373}.Debug|x86.ActiveCfg = Debug|Any CPU
		{0F251250-28EF-4751-AD86-A42595B8A373}.Release|Any CPU.ActiveCfg = Release|Any CPU
		{0F251250-28EF-4751-AD86-A42595B8A373}.Release|Any CPU.Build.0 = Release|Any CPU
		{0F251250-28EF-4751-AD86-A42595B8A373}.Release|Platform Target.ActiveCfg = Release|Any CPU
		{0F251250-28EF-4751-AD86-A42595B8A373}.Release|x64.ActiveCfg = Release|Any CPU
		{0F251250-28EF-4751-AD86-A42595B8A373}.Release|x86.ActiveCfg = Release|Any CPU
		{7BD74A49-DAC8-40FF-B019-14B70EF0ED08}.Debug|Any CPU.ActiveCfg = Debug|Any CPU
		{7BD74A49-DAC8-40FF-B019-14B70EF0ED08}.Debug|Any CPU.Build.0 = Debug|Any CPU
		{7BD74A49-DAC8-40FF-B019-14B70EF0ED08}.Debug|Platform Target.ActiveCfg = Debug|Any CPU
		{7BD74A49-DAC8-40FF-B019-14B70EF0ED08}.Debug|x64.ActiveCfg = Debug|Any CPU
		{7BD74A49-DAC8-40FF-B019-14B70EF0ED08}.Debug|x86.ActiveCfg = Debug|Any CPU
		{7BD74A49-DAC8-40FF-B019-14B70EF0ED08}.Release|Any CPU.ActiveCfg = Release|Any CPU
		{7BD74A49-DAC8-40FF-B019-14B70EF0ED08}.Release|Any CPU.Build.0 = Release|Any CPU
		{7BD74A49-DAC8-40FF-B019-14B70EF0ED08}.Release|Platform Target.ActiveCfg = Release|Any CPU
		{7BD74A49-DAC8-40FF-B019-14B70EF0ED08}.Release|x64.ActiveCfg = Release|Any CPU
		{7BD74A49-DAC8-40FF-B019-14B70EF0ED08}.Release|x86.ActiveCfg = Release|Any CPU
		{06FA597F-B1F2-42AA-9748-84EB599D0979}.Debug|Any CPU.ActiveCfg = Debug|Any CPU
		{06FA597F-B1F2-42AA-9748-84EB599D0979}.Debug|Any CPU.Build.0 = Debug|Any CPU
		{06FA597F-B1F2-42AA-9748-84EB599D0979}.Debug|Platform Target.ActiveCfg = Debug|Any CPU
		{06FA597F-B1F2-42AA-9748-84EB599D0979}.Debug|x64.ActiveCfg = Debug|Any CPU
		{06FA597F-B1F2-42AA-9748-84EB599D0979}.Debug|x86.ActiveCfg = Debug|Any CPU
		{06FA597F-B1F2-42AA-9748-84EB599D0979}.Release|Any CPU.ActiveCfg = Release|Any CPU
		{06FA597F-B1F2-42AA-9748-84EB599D0979}.Release|Any CPU.Build.0 = Release|Any CPU
		{06FA597F-B1F2-42AA-9748-84EB599D0979}.Release|Platform Target.ActiveCfg = Release|Any CPU
		{06FA597F-B1F2-42AA-9748-84EB599D0979}.Release|x64.ActiveCfg = Release|Any CPU
		{06FA597F-B1F2-42AA-9748-84EB599D0979}.Release|x86.ActiveCfg = Release|Any CPU
		{317E0333-65CA-498B-A025-0B781B64AA1D}.Debug|Any CPU.ActiveCfg = Debug|Any CPU
		{317E0333-65CA-498B-A025-0B781B64AA1D}.Debug|Any CPU.Build.0 = Debug|Any CPU
		{317E0333-65CA-498B-A025-0B781B64AA1D}.Debug|Platform Target.ActiveCfg = Debug|Any CPU
		{317E0333-65CA-498B-A025-0B781B64AA1D}.Debug|x64.ActiveCfg = Debug|Any CPU
		{317E0333-65CA-498B-A025-0B781B64AA1D}.Debug|x86.ActiveCfg = Debug|Any CPU
		{317E0333-65CA-498B-A025-0B781B64AA1D}.Release|Any CPU.ActiveCfg = Release|Any CPU
		{317E0333-65CA-498B-A025-0B781B64AA1D}.Release|Any CPU.Build.0 = Release|Any CPU
		{317E0333-65CA-498B-A025-0B781B64AA1D}.Release|Platform Target.ActiveCfg = Release|Any CPU
		{317E0333-65CA-498B-A025-0B781B64AA1D}.Release|x64.ActiveCfg = Release|Any CPU
		{317E0333-65CA-498B-A025-0B781B64AA1D}.Release|x86.ActiveCfg = Release|Any CPU
		{6ED88798-9AC0-4363-B7C1-D122D304E288}.Debug|Any CPU.ActiveCfg = Debug|Any CPU
		{6ED88798-9AC0-4363-B7C1-D122D304E288}.Debug|Any CPU.Build.0 = Debug|Any CPU
		{6ED88798-9AC0-4363-B7C1-D122D304E288}.Debug|Platform Target.ActiveCfg = Debug|Any CPU
		{6ED88798-9AC0-4363-B7C1-D122D304E288}.Debug|x64.ActiveCfg = Debug|Any CPU
		{6ED88798-9AC0-4363-B7C1-D122D304E288}.Debug|x86.ActiveCfg = Debug|Any CPU
		{6ED88798-9AC0-4363-B7C1-D122D304E288}.Release|Any CPU.ActiveCfg = Release|Any CPU
		{6ED88798-9AC0-4363-B7C1-D122D304E288}.Release|Any CPU.Build.0 = Release|Any CPU
		{6ED88798-9AC0-4363-B7C1-D122D304E288}.Release|Platform Target.ActiveCfg = Release|Any CPU
		{6ED88798-9AC0-4363-B7C1-D122D304E288}.Release|x64.ActiveCfg = Release|Any CPU
		{6ED88798-9AC0-4363-B7C1-D122D304E288}.Release|x86.ActiveCfg = Release|Any CPU
		{E8DE7E65-2323-4B3C-8015-D4D50BF0E41B}.Debug|Any CPU.ActiveCfg = Debug|Any CPU
		{E8DE7E65-2323-4B3C-8015-D4D50BF0E41B}.Debug|Any CPU.Build.0 = Debug|Any CPU
		{E8DE7E65-2323-4B3C-8015-D4D50BF0E41B}.Debug|Platform Target.ActiveCfg = Debug|Any CPU
		{E8DE7E65-2323-4B3C-8015-D4D50BF0E41B}.Debug|x64.ActiveCfg = Debug|Any CPU
		{E8DE7E65-2323-4B3C-8015-D4D50BF0E41B}.Debug|x86.ActiveCfg = Debug|Any CPU
		{E8DE7E65-2323-4B3C-8015-D4D50BF0E41B}.Release|Any CPU.ActiveCfg = Release|Any CPU
		{E8DE7E65-2323-4B3C-8015-D4D50BF0E41B}.Release|Any CPU.Build.0 = Release|Any CPU
		{E8DE7E65-2323-4B3C-8015-D4D50BF0E41B}.Release|Platform Target.ActiveCfg = Release|Any CPU
		{E8DE7E65-2323-4B3C-8015-D4D50BF0E41B}.Release|x64.ActiveCfg = Release|Any CPU
		{E8DE7E65-2323-4B3C-8015-D4D50BF0E41B}.Release|x86.ActiveCfg = Release|Any CPU
		{C6E0A638-B5E1-4F26-BE0A-1D7C65D10A69}.Debug|Any CPU.ActiveCfg = Debug|Any CPU
		{C6E0A638-B5E1-4F26-BE0A-1D7C65D10A69}.Debug|Any CPU.Build.0 = Debug|Any CPU
		{C6E0A638-B5E1-4F26-BE0A-1D7C65D10A69}.Debug|Platform Target.ActiveCfg = Debug|Any CPU
		{C6E0A638-B5E1-4F26-BE0A-1D7C65D10A69}.Debug|x64.ActiveCfg = Debug|Any CPU
		{C6E0A638-B5E1-4F26-BE0A-1D7C65D10A69}.Debug|x86.ActiveCfg = Debug|Any CPU
		{C6E0A638-B5E1-4F26-BE0A-1D7C65D10A69}.Release|Any CPU.ActiveCfg = Release|Any CPU
		{C6E0A638-B5E1-4F26-BE0A-1D7C65D10A69}.Release|Any CPU.Build.0 = Release|Any CPU
		{C6E0A638-B5E1-4F26-BE0A-1D7C65D10A69}.Release|Platform Target.ActiveCfg = Release|Any CPU
		{C6E0A638-B5E1-4F26-BE0A-1D7C65D10A69}.Release|x64.ActiveCfg = Release|Any CPU
		{C6E0A638-B5E1-4F26-BE0A-1D7C65D10A69}.Release|x86.ActiveCfg = Release|Any CPU
		{B8154443-82FC-4FA4-BF62-172B51406675}.Debug|Any CPU.ActiveCfg = Debug|Any CPU
		{B8154443-82FC-4FA4-BF62-172B51406675}.Debug|Any CPU.Build.0 = Debug|Any CPU
		{B8154443-82FC-4FA4-BF62-172B51406675}.Debug|Platform Target.ActiveCfg = Debug|Any CPU
		{B8154443-82FC-4FA4-BF62-172B51406675}.Debug|x64.ActiveCfg = Debug|Any CPU
		{B8154443-82FC-4FA4-BF62-172B51406675}.Debug|x86.ActiveCfg = Debug|Any CPU
		{B8154443-82FC-4FA4-BF62-172B51406675}.Release|Any CPU.ActiveCfg = Release|Any CPU
		{B8154443-82FC-4FA4-BF62-172B51406675}.Release|Any CPU.Build.0 = Release|Any CPU
		{B8154443-82FC-4FA4-BF62-172B51406675}.Release|Platform Target.ActiveCfg = Release|Any CPU
		{B8154443-82FC-4FA4-BF62-172B51406675}.Release|x64.ActiveCfg = Release|Any CPU
		{B8154443-82FC-4FA4-BF62-172B51406675}.Release|x86.ActiveCfg = Release|Any CPU
		{7581A58A-8147-46E4-AAEE-F0E27398CFB3}.Debug|Any CPU.ActiveCfg = Debug|Any CPU
		{7581A58A-8147-46E4-AAEE-F0E27398CFB3}.Debug|Any CPU.Build.0 = Debug|Any CPU
		{7581A58A-8147-46E4-AAEE-F0E27398CFB3}.Debug|Platform Target.ActiveCfg = Debug|Any CPU
		{7581A58A-8147-46E4-AAEE-F0E27398CFB3}.Debug|x64.ActiveCfg = Debug|Any CPU
		{7581A58A-8147-46E4-AAEE-F0E27398CFB3}.Debug|x86.ActiveCfg = Debug|Any CPU
		{7581A58A-8147-46E4-AAEE-F0E27398CFB3}.Release|Any CPU.ActiveCfg = Release|Any CPU
		{7581A58A-8147-46E4-AAEE-F0E27398CFB3}.Release|Any CPU.Build.0 = Release|Any CPU
		{7581A58A-8147-46E4-AAEE-F0E27398CFB3}.Release|Platform Target.ActiveCfg = Release|Any CPU
		{7581A58A-8147-46E4-AAEE-F0E27398CFB3}.Release|x64.ActiveCfg = Release|Any CPU
		{7581A58A-8147-46E4-AAEE-F0E27398CFB3}.Release|x86.ActiveCfg = Release|Any CPU
		{F792F3EF-492E-4223-98EF-E8A2E1B0B817}.Debug|Any CPU.ActiveCfg = Debug|Any CPU
		{F792F3EF-492E-4223-98EF-E8A2E1B0B817}.Debug|Any CPU.Build.0 = Debug|Any CPU
		{F792F3EF-492E-4223-98EF-E8A2E1B0B817}.Debug|Platform Target.ActiveCfg = Debug|Any CPU
		{F792F3EF-492E-4223-98EF-E8A2E1B0B817}.Debug|x64.ActiveCfg = Debug|Any CPU
		{F792F3EF-492E-4223-98EF-E8A2E1B0B817}.Debug|x86.ActiveCfg = Debug|Any CPU
		{F792F3EF-492E-4223-98EF-E8A2E1B0B817}.Release|Any CPU.ActiveCfg = Release|Any CPU
		{F792F3EF-492E-4223-98EF-E8A2E1B0B817}.Release|Any CPU.Build.0 = Release|Any CPU
		{F792F3EF-492E-4223-98EF-E8A2E1B0B817}.Release|Platform Target.ActiveCfg = Release|Any CPU
		{F792F3EF-492E-4223-98EF-E8A2E1B0B817}.Release|x64.ActiveCfg = Release|Any CPU
		{F792F3EF-492E-4223-98EF-E8A2E1B0B817}.Release|x86.ActiveCfg = Release|Any CPU
		{ED36310C-B6CC-4390-922F-0013716AE29F}.Debug|Any CPU.ActiveCfg = Debug|Any CPU
		{ED36310C-B6CC-4390-922F-0013716AE29F}.Debug|Any CPU.Build.0 = Debug|Any CPU
		{ED36310C-B6CC-4390-922F-0013716AE29F}.Debug|Platform Target.ActiveCfg = Debug|Any CPU
		{ED36310C-B6CC-4390-922F-0013716AE29F}.Debug|x64.ActiveCfg = Debug|Any CPU
		{ED36310C-B6CC-4390-922F-0013716AE29F}.Debug|x86.ActiveCfg = Debug|Any CPU
		{ED36310C-B6CC-4390-922F-0013716AE29F}.Release|Any CPU.ActiveCfg = Release|Any CPU
		{ED36310C-B6CC-4390-922F-0013716AE29F}.Release|Any CPU.Build.0 = Release|Any CPU
		{ED36310C-B6CC-4390-922F-0013716AE29F}.Release|Platform Target.ActiveCfg = Release|Any CPU
		{ED36310C-B6CC-4390-922F-0013716AE29F}.Release|x64.ActiveCfg = Release|Any CPU
		{ED36310C-B6CC-4390-922F-0013716AE29F}.Release|x86.ActiveCfg = Release|Any CPU
		{8CB48872-AED0-414E-B601-9EAC89BC0111}.Debug|Any CPU.ActiveCfg = Debug|Any CPU
		{8CB48872-AED0-414E-B601-9EAC89BC0111}.Debug|Any CPU.Build.0 = Debug|Any CPU
		{8CB48872-AED0-414E-B601-9EAC89BC0111}.Debug|Platform Target.ActiveCfg = Debug|Any CPU
		{8CB48872-AED0-414E-B601-9EAC89BC0111}.Debug|x64.ActiveCfg = Debug|Any CPU
		{8CB48872-AED0-414E-B601-9EAC89BC0111}.Debug|x86.ActiveCfg = Debug|Any CPU
		{8CB48872-AED0-414E-B601-9EAC89BC0111}.Release|Any CPU.ActiveCfg = Release|Any CPU
		{8CB48872-AED0-414E-B601-9EAC89BC0111}.Release|Any CPU.Build.0 = Release|Any CPU
		{8CB48872-AED0-414E-B601-9EAC89BC0111}.Release|Platform Target.ActiveCfg = Release|Any CPU
		{8CB48872-AED0-414E-B601-9EAC89BC0111}.Release|x64.ActiveCfg = Release|Any CPU
		{8CB48872-AED0-414E-B601-9EAC89BC0111}.Release|x86.ActiveCfg = Release|Any CPU
		{89849249-08BF-4E8D-B773-0E53259B78D9}.Debug|Any CPU.ActiveCfg = Debug|Any CPU
		{89849249-08BF-4E8D-B773-0E53259B78D9}.Debug|Any CPU.Build.0 = Debug|Any CPU
		{89849249-08BF-4E8D-B773-0E53259B78D9}.Debug|Platform Target.ActiveCfg = Debug|Any CPU
		{89849249-08BF-4E8D-B773-0E53259B78D9}.Debug|x64.ActiveCfg = Debug|Any CPU
		{89849249-08BF-4E8D-B773-0E53259B78D9}.Debug|x86.ActiveCfg = Debug|Any CPU
		{89849249-08BF-4E8D-B773-0E53259B78D9}.Release|Any CPU.ActiveCfg = Release|Any CPU
		{89849249-08BF-4E8D-B773-0E53259B78D9}.Release|Any CPU.Build.0 = Release|Any CPU
		{89849249-08BF-4E8D-B773-0E53259B78D9}.Release|Platform Target.ActiveCfg = Release|Any CPU
		{89849249-08BF-4E8D-B773-0E53259B78D9}.Release|x64.ActiveCfg = Release|Any CPU
		{89849249-08BF-4E8D-B773-0E53259B78D9}.Release|x86.ActiveCfg = Release|Any CPU
		{DA288EA8-3990-49C5-9EE2-40B564124432}.Debug|Any CPU.ActiveCfg = Debug|Any CPU
		{DA288EA8-3990-49C5-9EE2-40B564124432}.Debug|Any CPU.Build.0 = Debug|Any CPU
		{DA288EA8-3990-49C5-9EE2-40B564124432}.Debug|Platform Target.ActiveCfg = Debug|Any CPU
		{DA288EA8-3990-49C5-9EE2-40B564124432}.Debug|x64.ActiveCfg = Debug|Any CPU
		{DA288EA8-3990-49C5-9EE2-40B564124432}.Debug|x86.ActiveCfg = Debug|Any CPU
		{DA288EA8-3990-49C5-9EE2-40B564124432}.Release|Any CPU.ActiveCfg = Release|Any CPU
		{DA288EA8-3990-49C5-9EE2-40B564124432}.Release|Any CPU.Build.0 = Release|Any CPU
		{DA288EA8-3990-49C5-9EE2-40B564124432}.Release|Platform Target.ActiveCfg = Release|Any CPU
		{DA288EA8-3990-49C5-9EE2-40B564124432}.Release|x64.ActiveCfg = Release|Any CPU
		{DA288EA8-3990-49C5-9EE2-40B564124432}.Release|x86.ActiveCfg = Release|Any CPU
		{1E39737A-16A5-433E-8BB6-3778798FA01F}.Debug|Any CPU.ActiveCfg = Debug|Any CPU
		{1E39737A-16A5-433E-8BB6-3778798FA01F}.Debug|Any CPU.Build.0 = Debug|Any CPU
		{1E39737A-16A5-433E-8BB6-3778798FA01F}.Debug|Platform Target.ActiveCfg = Debug|Any CPU
		{1E39737A-16A5-433E-8BB6-3778798FA01F}.Debug|x64.ActiveCfg = Debug|Any CPU
		{1E39737A-16A5-433E-8BB6-3778798FA01F}.Debug|x86.ActiveCfg = Debug|Any CPU
		{1E39737A-16A5-433E-8BB6-3778798FA01F}.Release|Any CPU.ActiveCfg = Release|Any CPU
		{1E39737A-16A5-433E-8BB6-3778798FA01F}.Release|Any CPU.Build.0 = Release|Any CPU
		{1E39737A-16A5-433E-8BB6-3778798FA01F}.Release|Platform Target.ActiveCfg = Release|Any CPU
		{1E39737A-16A5-433E-8BB6-3778798FA01F}.Release|x64.ActiveCfg = Release|Any CPU
		{1E39737A-16A5-433E-8BB6-3778798FA01F}.Release|x86.ActiveCfg = Release|Any CPU
		{3D557DEE-5540-44E8-9F55-D04BC856913C}.Debug|Any CPU.ActiveCfg = Debug|Any CPU
		{3D557DEE-5540-44E8-9F55-D04BC856913C}.Debug|Any CPU.Build.0 = Debug|Any CPU
		{3D557DEE-5540-44E8-9F55-D04BC856913C}.Debug|Platform Target.ActiveCfg = Debug|Any CPU
		{3D557DEE-5540-44E8-9F55-D04BC856913C}.Debug|Platform Target.Build.0 = Debug|Any CPU
		{3D557DEE-5540-44E8-9F55-D04BC856913C}.Debug|x64.ActiveCfg = Debug|Any CPU
		{3D557DEE-5540-44E8-9F55-D04BC856913C}.Debug|x64.Build.0 = Debug|Any CPU
		{3D557DEE-5540-44E8-9F55-D04BC856913C}.Debug|x86.ActiveCfg = Debug|Any CPU
		{3D557DEE-5540-44E8-9F55-D04BC856913C}.Debug|x86.Build.0 = Debug|Any CPU
		{3D557DEE-5540-44E8-9F55-D04BC856913C}.Release|Any CPU.ActiveCfg = Release|Any CPU
		{3D557DEE-5540-44E8-9F55-D04BC856913C}.Release|Any CPU.Build.0 = Release|Any CPU
		{3D557DEE-5540-44E8-9F55-D04BC856913C}.Release|Platform Target.ActiveCfg = Release|Any CPU
		{3D557DEE-5540-44E8-9F55-D04BC856913C}.Release|Platform Target.Build.0 = Release|Any CPU
		{3D557DEE-5540-44E8-9F55-D04BC856913C}.Release|x64.ActiveCfg = Release|Any CPU
		{3D557DEE-5540-44E8-9F55-D04BC856913C}.Release|x64.Build.0 = Release|Any CPU
		{3D557DEE-5540-44E8-9F55-D04BC856913C}.Release|x86.ActiveCfg = Release|Any CPU
		{3D557DEE-5540-44E8-9F55-D04BC856913C}.Release|x86.Build.0 = Release|Any CPU
		{A206E649-25F9-4F4E-A84B-13B6C83D10D3}.Debug|Any CPU.ActiveCfg = Debug|Any CPU
		{A206E649-25F9-4F4E-A84B-13B6C83D10D3}.Debug|Any CPU.Build.0 = Debug|Any CPU
		{A206E649-25F9-4F4E-A84B-13B6C83D10D3}.Debug|Platform Target.ActiveCfg = Debug|Any CPU
		{A206E649-25F9-4F4E-A84B-13B6C83D10D3}.Debug|Platform Target.Build.0 = Debug|Any CPU
		{A206E649-25F9-4F4E-A84B-13B6C83D10D3}.Debug|x64.ActiveCfg = Debug|Any CPU
		{A206E649-25F9-4F4E-A84B-13B6C83D10D3}.Debug|x64.Build.0 = Debug|Any CPU
		{A206E649-25F9-4F4E-A84B-13B6C83D10D3}.Debug|x86.ActiveCfg = Debug|Any CPU
		{A206E649-25F9-4F4E-A84B-13B6C83D10D3}.Debug|x86.Build.0 = Debug|Any CPU
		{A206E649-25F9-4F4E-A84B-13B6C83D10D3}.Release|Any CPU.ActiveCfg = Release|Any CPU
		{A206E649-25F9-4F4E-A84B-13B6C83D10D3}.Release|Any CPU.Build.0 = Release|Any CPU
		{A206E649-25F9-4F4E-A84B-13B6C83D10D3}.Release|Platform Target.ActiveCfg = Release|Any CPU
		{A206E649-25F9-4F4E-A84B-13B6C83D10D3}.Release|Platform Target.Build.0 = Release|Any CPU
		{A206E649-25F9-4F4E-A84B-13B6C83D10D3}.Release|x64.ActiveCfg = Release|Any CPU
		{A206E649-25F9-4F4E-A84B-13B6C83D10D3}.Release|x64.Build.0 = Release|Any CPU
		{A206E649-25F9-4F4E-A84B-13B6C83D10D3}.Release|x86.ActiveCfg = Release|Any CPU
		{A206E649-25F9-4F4E-A84B-13B6C83D10D3}.Release|x86.Build.0 = Release|Any CPU
	EndGlobalSection
	GlobalSection(SolutionProperties) = preSolution
		HideSolutionNode = FALSE
	EndGlobalSection
EndGlobal
